{
    "version": 3,
    "terraform_version": "0.11.10",
    "serial": 10,
    "lineage": "6d43cf9d-ba72-b71b-4e50-2f1a008c3820",
    "modules": [
        {
            "path": [
                "root"
            ],
            "outputs": {},
            "resources": {
                "azurerm_network_security_group.wpcnsg": {
                    "type": "azurerm_network_security_group",
                    "depends_on": [
                        "azurerm_resource_group.webpagecounter"
                    ],
                    "primary": {
                        "id": "/subscriptions/c0a607b2-6372-4ef3-abdb-dbe52a7b56ba/resourceGroups/graham-dev/providers/Microsoft.Network/networkSecurityGroups/wpcNetworkSecurityGroup",
                        "attributes": {
                            "id": "/subscriptions/c0a607b2-6372-4ef3-abdb-dbe52a7b56ba/resourceGroups/graham-dev/providers/Microsoft.Network/networkSecurityGroups/wpcNetworkSecurityGroup",
                            "location": "westeurope",
                            "name": "wpcNetworkSecurityGroup",
                            "resource_group_name": "graham-dev",
                            "security_rule.#": "1",
                            "security_rule.2090309246.access": "Allow",
                            "security_rule.2090309246.description": "",
                            "security_rule.2090309246.destination_address_prefix": "*",
                            "security_rule.2090309246.destination_address_prefixes.#": "0",
                            "security_rule.2090309246.destination_application_security_group_ids.#": "0",
                            "security_rule.2090309246.destination_port_range": "22",
                            "security_rule.2090309246.destination_port_ranges.#": "0",
                            "security_rule.2090309246.direction": "Inbound",
                            "security_rule.2090309246.name": "SSH",
                            "security_rule.2090309246.priority": "1001",
                            "security_rule.2090309246.protocol": "Tcp",
                            "security_rule.2090309246.source_address_prefix": "*",
                            "security_rule.2090309246.source_address_prefixes.#": "0",
                            "security_rule.2090309246.source_application_security_group_ids.#": "0",
                            "security_rule.2090309246.source_port_range": "*",
                            "security_rule.2090309246.source_port_ranges.#": "0",
                            "tags.%": "1",
                            "tags.environment": "Web Page Counter"
                        },
                        "meta": {},
                        "tainted": false
                    },
                    "deposed": [],
                    "provider": "provider.azurerm"
                },
                "azurerm_resource_group.webpagecounter": {
                    "type": "azurerm_resource_group",
                    "depends_on": [],
                    "primary": {
                        "id": "/subscriptions/c0a607b2-6372-4ef3-abdb-dbe52a7b56ba/resourceGroups/graham-dev",
                        "attributes": {
                            "id": "/subscriptions/c0a607b2-6372-4ef3-abdb-dbe52a7b56ba/resourceGroups/graham-dev",
                            "location": "westeurope",
                            "name": "graham-dev",
                            "tags.%": "1",
                            "tags.environment": "Web Page Counter"
                        },
                        "meta": {},
                        "tainted": false
                    },
                    "deposed": [],
                    "provider": "provider.azurerm"
                },
                "azurerm_storage_account.mystorageaccount": {
                    "type": "azurerm_storage_account",
                    "depends_on": [
                        "azurerm_resource_group.webpagecounter",
                        "random_id.randomId"
                    ],
                    "primary": {
                        "id": "/subscriptions/c0a607b2-6372-4ef3-abdb-dbe52a7b56ba/resourceGroups/graham-dev/providers/Microsoft.Storage/storageAccounts/diag74a9c3114a8dc7a5",
                        "attributes": {
                            "access_tier": "",
                            "account_encryption_source": "Microsoft.Storage",
                            "account_kind": "Storage",
                            "account_replication_type": "LRS",
                            "account_tier": "Standard",
                            "account_type": "Standard_LRS",
                            "enable_blob_encryption": "true",
                            "enable_file_encryption": "true",
                            "enable_https_traffic_only": "false",
                            "id": "/subscriptions/c0a607b2-6372-4ef3-abdb-dbe52a7b56ba/resourceGroups/graham-dev/providers/Microsoft.Storage/storageAccounts/diag74a9c3114a8dc7a5",
                            "identity.#": "0",
                            "location": "westeurope",
                            "name": "diag74a9c3114a8dc7a5",
                            "network_rules.#": "0",
                            "primary_access_key": "tjrzLBx35xY55dSHEVkMJYdDIcPUTAuqt9eNnCv4tSUJ4/Soqr84B2u9kAB00t9agPMBubBHk9hRugrWGtonQA==",
                            "primary_blob_connection_string": "DefaultEndpointsProtocol=https;BlobEndpoint=https://diag74a9c3114a8dc7a5.blob.core.windows.net/;AccountName=diag74a9c3114a8dc7a5;AccountKey=tjrzLBx35xY55dSHEVkMJYdDIcPUTAuqt9eNnCv4tSUJ4/Soqr84B2u9kAB00t9agPMBubBHk9hRugrWGtonQA==",
                            "primary_blob_endpoint": "https://diag74a9c3114a8dc7a5.blob.core.windows.net/",
                            "primary_connection_string": "DefaultEndpointsProtocol=https;AccountName=diag74a9c3114a8dc7a5;AccountKey=tjrzLBx35xY55dSHEVkMJYdDIcPUTAuqt9eNnCv4tSUJ4/Soqr84B2u9kAB00t9agPMBubBHk9hRugrWGtonQA==;EndpointSuffix=core.windows.net",
                            "primary_file_endpoint": "https://diag74a9c3114a8dc7a5.file.core.windows.net/",
                            "primary_location": "westeurope",
                            "primary_queue_endpoint": "https://diag74a9c3114a8dc7a5.queue.core.windows.net/",
                            "primary_table_endpoint": "https://diag74a9c3114a8dc7a5.table.core.windows.net/",
                            "resource_group_name": "graham-dev",
                            "secondary_access_key": "MJtjTGa1Lqk8w/hlM6gbuRyD/M+TWjO4mdipBiyqPQpRBiWwi6rpJPM199FMU+3hfKXhs/tCvglSL3Y1PeDM+g==",
                            "secondary_connection_string": "DefaultEndpointsProtocol=https;AccountName=diag74a9c3114a8dc7a5;AccountKey=MJtjTGa1Lqk8w/hlM6gbuRyD/M+TWjO4mdipBiyqPQpRBiWwi6rpJPM199FMU+3hfKXhs/tCvglSL3Y1PeDM+g==;EndpointSuffix=core.windows.net",
                            "secondary_location": "",
                            "tags.%": "1",
                            "tags.environment": "Web Page Counter"
                        },
                        "meta": {
                            "schema_version": "2"
                        },
                        "tainted": false
                    },
                    "deposed": [],
                    "provider": "provider.azurerm"
                },
                "azurerm_subnet.webpagecountersubnet": {
                    "type": "azurerm_subnet",
                    "depends_on": [
                        "azurerm_resource_group.webpagecounter",
                        "azurerm_virtual_network.webpagecounternetwork"
                    ],
                    "primary": {
                        "id": "/subscriptions/c0a607b2-6372-4ef3-abdb-dbe52a7b56ba/resourceGroups/graham-dev/providers/Microsoft.Network/virtualNetworks/wpcVnet/subnets/wpcSubnet",
                        "attributes": {
                            "address_prefix": "192.168.2.0/24",
                            "delegation.#": "0",
                            "id": "/subscriptions/c0a607b2-6372-4ef3-abdb-dbe52a7b56ba/resourceGroups/graham-dev/providers/Microsoft.Network/virtualNetworks/wpcVnet/subnets/wpcSubnet",
                            "ip_configurations.#": "1",
                            "ip_configurations.3473273733": "/subscriptions/c0a607b2-6372-4ef3-abdb-dbe52a7b56ba/resourceGroups/graham-dev/providers/Microsoft.Network/networkInterfaces/wpcNIC/ipConfigurations/wpcNicConfiguration",
                            "name": "wpcSubnet",
                            "network_security_group_id": "",
                            "resource_group_name": "graham-dev",
                            "route_table_id": "",
                            "service_endpoints.#": "0",
                            "virtual_network_name": "wpcVnet"
                        },
                        "meta": {},
                        "tainted": false
                    },
                    "deposed": [],
                    "provider": "provider.azurerm"
                },
                "azurerm_virtual_network.webpagecounternetwork": {
                    "type": "azurerm_virtual_network",
                    "depends_on": [
                        "azurerm_resource_group.webpagecounter"
                    ],
                    "primary": {
                        "id": "/subscriptions/c0a607b2-6372-4ef3-abdb-dbe52a7b56ba/resourceGroups/graham-dev/providers/Microsoft.Network/virtualNetworks/wpcVnet",
                        "attributes": {
                            "address_space.#": "1",
                            "address_space.0": "192.168.0.0/16",
                            "ddos_protection_plan.#": "0",
                            "dns_servers.#": "0",
                            "id": "/subscriptions/c0a607b2-6372-4ef3-abdb-dbe52a7b56ba/resourceGroups/graham-dev/providers/Microsoft.Network/virtualNetworks/wpcVnet",
                            "location": "westeurope",
                            "name": "wpcVnet",
                            "resource_group_name": "graham-dev",
                            "subnet.#": "1",
                            "subnet.1671482754.address_prefix": "192.168.2.0/24",
                            "subnet.1671482754.id": "/subscriptions/c0a607b2-6372-4ef3-abdb-dbe52a7b56ba/resourceGroups/graham-dev/providers/Microsoft.Network/virtualNetworks/wpcVnet/subnets/wpcSubnet",
                            "subnet.1671482754.name": "wpcSubnet",
                            "subnet.1671482754.security_group": "",
                            "tags.%": "1",
                            "tags.environment": "Web Page Counter"
                        },
                        "meta": {},
                        "tainted": false
                    },
                    "deposed": [],
                    "provider": "provider.azurerm"
                },
                "random_id.randomId": {
                    "type": "random_id",
                    "depends_on": [
                        "azurerm_resource_group.webpagecounter"
                    ],
                    "primary": {
                        "id": "dKnDEUqNx6U",
                        "attributes": {
                            "b64": "dKnDEUqNx6U",
                            "b64_std": "dKnDEUqNx6U=",
                            "b64_url": "dKnDEUqNx6U",
                            "byte_length": "8",
                            "dec": "8406464658496407461",
                            "hex": "74a9c3114a8dc7a5",
                            "id": "dKnDEUqNx6U",
                            "keepers.%": "1",
                            "keepers.resource_group": "graham-dev"
                        },
                        "meta": {},
                        "tainted": false
                    },
                    "deposed": [],
                    "provider": "provider.random"
                }
            },
            "depends_on": []
        }
    ]
}
