{
    "version": 3,
    "terraform_version": "0.11.10",
    "serial": 6,
    "lineage": "6d43cf9d-ba72-b71b-4e50-2f1a008c3820",
    "modules": [
        {
            "path": [
                "root"
            ],
            "outputs": {},
            "resources": {
                "azurerm_network_interface.myterraformnic": {
                    "type": "azurerm_network_interface",
                    "depends_on": [
                        "azurerm_network_security_group.myterraformnsg",
                        "azurerm_public_ip.myterraformpublicip",
                        "azurerm_resource_group.myterraformgroup",
                        "azurerm_subnet.myterraformsubnet"
                    ],
                    "primary": {
                        "id": "/subscriptions/c0a607b2-6372-4ef3-abdb-dbe52a7b56ba/resourceGroups/graham-dev/providers/Microsoft.Network/networkInterfaces/myNIC",
                        "attributes": {
                            "applied_dns_servers.#": "0",
                            "dns_servers.#": "0",
                            "enable_accelerated_networking": "false",
                            "enable_ip_forwarding": "false",
                            "id": "/subscriptions/c0a607b2-6372-4ef3-abdb-dbe52a7b56ba/resourceGroups/graham-dev/providers/Microsoft.Network/networkInterfaces/myNIC",
                            "internal_dns_name_label": "",
                            "internal_fqdn": "",
                            "ip_configuration.#": "1",
                            "ip_configuration.0.application_gateway_backend_address_pools_ids.#": "0",
                            "ip_configuration.0.application_security_group_ids.#": "0",
                            "ip_configuration.0.load_balancer_backend_address_pools_ids.#": "0",
                            "ip_configuration.0.load_balancer_inbound_nat_rules_ids.#": "0",
                            "ip_configuration.0.name": "myNicConfiguration",
                            "ip_configuration.0.primary": "true",
                            "ip_configuration.0.private_ip_address": "192.168.2.11",
                            "ip_configuration.0.private_ip_address_allocation": "static",
                            "ip_configuration.0.private_ip_address_version": "IPv4",
                            "ip_configuration.0.public_ip_address_id": "/subscriptions/c0a607b2-6372-4ef3-abdb-dbe52a7b56ba/resourceGroups/graham-dev/providers/Microsoft.Network/publicIPAddresses/myPublicIP",
                            "ip_configuration.0.subnet_id": "/subscriptions/c0a607b2-6372-4ef3-abdb-dbe52a7b56ba/resourceGroups/graham-dev/providers/Microsoft.Network/virtualNetworks/myVnet/subnets/mySubnet",
                            "location": "westeurope",
                            "mac_address": "00-0D-3A-47-58-19",
                            "name": "myNIC",
                            "network_security_group_id": "/subscriptions/c0a607b2-6372-4ef3-abdb-dbe52a7b56ba/resourceGroups/graham-dev/providers/Microsoft.Network/networkSecurityGroups/myNetworkSecurityGroup",
                            "private_ip_address": "192.168.2.11",
                            "private_ip_addresses.#": "1",
                            "private_ip_addresses.0": "192.168.2.11",
                            "resource_group_name": "graham-dev",
                            "tags.%": "1",
                            "tags.environment": "Terraform Demo",
                            "virtual_machine_id": "/subscriptions/c0a607b2-6372-4ef3-abdb-dbe52a7b56ba/resourceGroups/graham-dev/providers/Microsoft.Compute/virtualMachines/myVM"
                        },
                        "meta": {},
                        "tainted": false
                    },
                    "deposed": [],
                    "provider": "provider.azurerm"
                },
                "azurerm_network_security_group.myterraformnsg": {
                    "type": "azurerm_network_security_group",
                    "depends_on": [
                        "azurerm_resource_group.myterraformgroup"
                    ],
                    "primary": {
                        "id": "/subscriptions/c0a607b2-6372-4ef3-abdb-dbe52a7b56ba/resourceGroups/graham-dev/providers/Microsoft.Network/networkSecurityGroups/myNetworkSecurityGroup",
                        "attributes": {
                            "id": "/subscriptions/c0a607b2-6372-4ef3-abdb-dbe52a7b56ba/resourceGroups/graham-dev/providers/Microsoft.Network/networkSecurityGroups/myNetworkSecurityGroup",
                            "location": "westeurope",
                            "name": "myNetworkSecurityGroup",
                            "resource_group_name": "graham-dev",
                            "security_rule.#": "3",
                            "security_rule.1410322582.access": "Allow",
                            "security_rule.1410322582.description": "ASC JIT Network Access rule created by an initiation request for policy 'default' of VM 'myVM'.",
                            "security_rule.1410322582.destination_address_prefix": "192.168.2.11",
                            "security_rule.1410322582.destination_address_prefixes.#": "0",
                            "security_rule.1410322582.destination_application_security_group_ids.#": "0",
                            "security_rule.1410322582.destination_port_range": "22",
                            "security_rule.1410322582.destination_port_ranges.#": "0",
                            "security_rule.1410322582.direction": "Inbound",
                            "security_rule.1410322582.name": "SecurityCenter-JITRule-1627148658-0BC4631821E941159B2B7EAC28E09075",
                            "security_rule.1410322582.priority": "100",
                            "security_rule.1410322582.protocol": "*",
                            "security_rule.1410322582.source_address_prefix": "*",
                            "security_rule.1410322582.source_address_prefixes.#": "0",
                            "security_rule.1410322582.source_application_security_group_ids.#": "0",
                            "security_rule.1410322582.source_port_range": "*",
                            "security_rule.1410322582.source_port_ranges.#": "0",
                            "security_rule.2090309246.access": "Allow",
                            "security_rule.2090309246.description": "",
                            "security_rule.2090309246.destination_address_prefix": "*",
                            "security_rule.2090309246.destination_address_prefixes.#": "0",
                            "security_rule.2090309246.destination_application_security_group_ids.#": "0",
                            "security_rule.2090309246.destination_port_range": "22",
                            "security_rule.2090309246.destination_port_ranges.#": "0",
                            "security_rule.2090309246.direction": "Inbound",
                            "security_rule.2090309246.name": "SSH",
                            "security_rule.2090309246.priority": "1001",
                            "security_rule.2090309246.protocol": "Tcp",
                            "security_rule.2090309246.source_address_prefix": "*",
                            "security_rule.2090309246.source_address_prefixes.#": "0",
                            "security_rule.2090309246.source_application_security_group_ids.#": "0",
                            "security_rule.2090309246.source_port_range": "*",
                            "security_rule.2090309246.source_port_ranges.#": "0",
                            "security_rule.538844544.access": "Deny",
                            "security_rule.538844544.description": "ASC JIT Network Access rule for policy 'default' of VM 'myVM'.",
                            "security_rule.538844544.destination_address_prefix": "192.168.2.11",
                            "security_rule.538844544.destination_address_prefixes.#": "0",
                            "security_rule.538844544.destination_application_security_group_ids.#": "0",
                            "security_rule.538844544.destination_port_range": "22",
                            "security_rule.538844544.destination_port_ranges.#": "0",
                            "security_rule.538844544.direction": "Inbound",
                            "security_rule.538844544.name": "SecurityCenter-JITRule_1627148658_CFE88541E7374586AEBA77B7C0A99FC0",
                            "security_rule.538844544.priority": "1000",
                            "security_rule.538844544.protocol": "*",
                            "security_rule.538844544.source_address_prefix": "*",
                            "security_rule.538844544.source_address_prefixes.#": "0",
                            "security_rule.538844544.source_application_security_group_ids.#": "0",
                            "security_rule.538844544.source_port_range": "*",
                            "security_rule.538844544.source_port_ranges.#": "0",
                            "tags.%": "1",
                            "tags.environment": "Terraform Demo"
                        },
                        "meta": {},
                        "tainted": false
                    },
                    "deposed": [],
                    "provider": "provider.azurerm"
                },
                "azurerm_public_ip.myterraformpublicip": {
                    "type": "azurerm_public_ip",
                    "depends_on": [
                        "azurerm_resource_group.myterraformgroup"
                    ],
                    "primary": {
                        "id": "/subscriptions/c0a607b2-6372-4ef3-abdb-dbe52a7b56ba/resourceGroups/graham-dev/providers/Microsoft.Network/publicIPAddresses/myPublicIP",
                        "attributes": {
                            "allocation_method": "Dynamic",
                            "id": "/subscriptions/c0a607b2-6372-4ef3-abdb-dbe52a7b56ba/resourceGroups/graham-dev/providers/Microsoft.Network/publicIPAddresses/myPublicIP",
                            "idle_timeout_in_minutes": "4",
                            "ip_address": "13.81.14.250",
                            "ip_version": "IPv4",
                            "location": "westeurope",
                            "name": "myPublicIP",
                            "public_ip_address_allocation": "Dynamic",
                            "resource_group_name": "graham-dev",
                            "sku": "Basic",
                            "tags.%": "1",
                            "tags.environment": "Terraform Demo",
                            "zones.#": "0"
                        },
                        "meta": {},
                        "tainted": false
                    },
                    "deposed": [],
                    "provider": "provider.azurerm"
                },
                "azurerm_resource_group.myterraformgroup": {
                    "type": "azurerm_resource_group",
                    "depends_on": [],
                    "primary": {
                        "id": "/subscriptions/c0a607b2-6372-4ef3-abdb-dbe52a7b56ba/resourceGroups/graham-dev",
                        "attributes": {
                            "id": "/subscriptions/c0a607b2-6372-4ef3-abdb-dbe52a7b56ba/resourceGroups/graham-dev",
                            "location": "westeurope",
                            "name": "graham-dev",
                            "tags.%": "1",
                            "tags.environment": "web-page-counter Terraform Demo"
                        },
                        "meta": {},
                        "tainted": false
                    },
                    "deposed": [],
                    "provider": "provider.azurerm"
                },
                "azurerm_subnet.myterraformsubnet": {
                    "type": "azurerm_subnet",
                    "depends_on": [
                        "azurerm_resource_group.myterraformgroup",
                        "azurerm_virtual_network.myterraformnetwork"
                    ],
                    "primary": {
                        "id": "/subscriptions/c0a607b2-6372-4ef3-abdb-dbe52a7b56ba/resourceGroups/graham-dev/providers/Microsoft.Network/virtualNetworks/myVnet/subnets/mySubnet",
                        "attributes": {
                            "address_prefix": "192.168.2.0/24",
                            "delegation.#": "0",
                            "id": "/subscriptions/c0a607b2-6372-4ef3-abdb-dbe52a7b56ba/resourceGroups/graham-dev/providers/Microsoft.Network/virtualNetworks/myVnet/subnets/mySubnet",
                            "ip_configurations.#": "1",
                            "ip_configurations.3435822488": "/subscriptions/c0a607b2-6372-4ef3-abdb-dbe52a7b56ba/resourceGroups/graham-dev/providers/Microsoft.Network/networkInterfaces/myNIC/ipConfigurations/myNicConfiguration",
                            "name": "mySubnet",
                            "network_security_group_id": "",
                            "resource_group_name": "graham-dev",
                            "route_table_id": "",
                            "service_endpoints.#": "0",
                            "virtual_network_name": "myVnet"
                        },
                        "meta": {},
                        "tainted": false
                    },
                    "deposed": [],
                    "provider": "provider.azurerm"
                },
                "azurerm_virtual_network.myterraformnetwork": {
                    "type": "azurerm_virtual_network",
                    "depends_on": [
                        "azurerm_resource_group.myterraformgroup"
                    ],
                    "primary": {
                        "id": "/subscriptions/c0a607b2-6372-4ef3-abdb-dbe52a7b56ba/resourceGroups/graham-dev/providers/Microsoft.Network/virtualNetworks/myVnet",
                        "attributes": {
                            "address_space.#": "1",
                            "address_space.0": "192.168.0.0/16",
                            "ddos_protection_plan.#": "0",
                            "dns_servers.#": "0",
                            "id": "/subscriptions/c0a607b2-6372-4ef3-abdb-dbe52a7b56ba/resourceGroups/graham-dev/providers/Microsoft.Network/virtualNetworks/myVnet",
                            "location": "westeurope",
                            "name": "myVnet",
                            "resource_group_name": "graham-dev",
                            "subnet.#": "1",
                            "subnet.404935178.address_prefix": "192.168.2.0/24",
                            "subnet.404935178.id": "/subscriptions/c0a607b2-6372-4ef3-abdb-dbe52a7b56ba/resourceGroups/graham-dev/providers/Microsoft.Network/virtualNetworks/myVnet/subnets/mySubnet",
                            "subnet.404935178.name": "mySubnet",
                            "subnet.404935178.security_group": "",
                            "tags.%": "1",
                            "tags.environment": "Terraform Demo"
                        },
                        "meta": {},
                        "tainted": false
                    },
                    "deposed": [],
                    "provider": "provider.azurerm"
                }
            },
            "depends_on": []
        }
    ]
}
