{
    "version": 3,
    "terraform_version": "0.11.10",
    "serial": 16,
    "lineage": "c27a1d79-dc39-b749-4b22-92607c9cceba",
    "modules": [
        {
            "path": [
                "root"
            ],
            "outputs": {},
            "resources": {
                "azurerm_network_interface.wpcgodev01nic": {
                    "type": "azurerm_network_interface",
                    "depends_on": [
                        "azurerm_network_security_group.wpcothersnsg",
                        "azurerm_subnet.webpagecountersubnet"
                    ],
                    "primary": {
                        "id": "/subscriptions/c0a607b2-6372-4ef3-abdb-dbe52a7b56ba/resourceGroups/graham-dev/providers/Microsoft.Network/networkInterfaces/wpcgodev01NIC",
                        "attributes": {
                            "applied_dns_servers.#": "0",
                            "dns_servers.#": "0",
                            "enable_accelerated_networking": "false",
                            "enable_ip_forwarding": "false",
                            "id": "/subscriptions/c0a607b2-6372-4ef3-abdb-dbe52a7b56ba/resourceGroups/graham-dev/providers/Microsoft.Network/networkInterfaces/wpcgodev01NIC",
                            "internal_dns_name_label": "",
                            "internal_fqdn": "",
                            "ip_configuration.#": "1",
                            "ip_configuration.0.application_gateway_backend_address_pools_ids.#": "0",
                            "ip_configuration.0.application_security_group_ids.#": "0",
                            "ip_configuration.0.load_balancer_backend_address_pools_ids.#": "0",
                            "ip_configuration.0.load_balancer_inbound_nat_rules_ids.#": "0",
                            "ip_configuration.0.name": "wpcgodev01NicConfiguration",
                            "ip_configuration.0.primary": "true",
                            "ip_configuration.0.private_ip_address": "192.168.2.110",
                            "ip_configuration.0.private_ip_address_allocation": "static",
                            "ip_configuration.0.private_ip_address_version": "IPv4",
                            "ip_configuration.0.public_ip_address_id": "",
                            "ip_configuration.0.subnet_id": "/subscriptions/c0a607b2-6372-4ef3-abdb-dbe52a7b56ba/resourceGroups/graham-dev/providers/Microsoft.Network/virtualNetworks/wpcVnet/subnets/wpcSubnet",
                            "location": "westeurope",
                            "mac_address": "",
                            "name": "wpcgodev01NIC",
                            "network_security_group_id": "/subscriptions/c0a607b2-6372-4ef3-abdb-dbe52a7b56ba/resourceGroups/graham-dev/providers/Microsoft.Network/networkSecurityGroups/wpcothersNetworkSecurityGroup",
                            "private_ip_address": "192.168.2.110",
                            "private_ip_addresses.#": "1",
                            "private_ip_addresses.0": "192.168.2.110",
                            "resource_group_name": "graham-dev",
                            "tags.%": "1",
                            "tags.environment": "Web Page Counter"
                        },
                        "meta": {},
                        "tainted": false
                    },
                    "deposed": [],
                    "provider": "provider.azurerm"
                },
                "azurerm_network_interface.wpcgodev02nic": {
                    "type": "azurerm_network_interface",
                    "depends_on": [
                        "azurerm_network_security_group.wpcothersnsg",
                        "azurerm_subnet.webpagecountersubnet"
                    ],
                    "primary": {
                        "id": "/subscriptions/c0a607b2-6372-4ef3-abdb-dbe52a7b56ba/resourceGroups/graham-dev/providers/Microsoft.Network/networkInterfaces/wpcgodev02NIC",
                        "attributes": {
                            "applied_dns_servers.#": "0",
                            "dns_servers.#": "0",
                            "enable_accelerated_networking": "false",
                            "enable_ip_forwarding": "false",
                            "id": "/subscriptions/c0a607b2-6372-4ef3-abdb-dbe52a7b56ba/resourceGroups/graham-dev/providers/Microsoft.Network/networkInterfaces/wpcgodev02NIC",
                            "internal_dns_name_label": "",
                            "internal_fqdn": "",
                            "ip_configuration.#": "1",
                            "ip_configuration.0.application_gateway_backend_address_pools_ids.#": "0",
                            "ip_configuration.0.application_security_group_ids.#": "0",
                            "ip_configuration.0.load_balancer_backend_address_pools_ids.#": "0",
                            "ip_configuration.0.load_balancer_inbound_nat_rules_ids.#": "0",
                            "ip_configuration.0.name": "wpcgodev02NicConfiguration",
                            "ip_configuration.0.primary": "true",
                            "ip_configuration.0.private_ip_address": "192.168.2.120",
                            "ip_configuration.0.private_ip_address_allocation": "static",
                            "ip_configuration.0.private_ip_address_version": "IPv4",
                            "ip_configuration.0.public_ip_address_id": "",
                            "ip_configuration.0.subnet_id": "/subscriptions/c0a607b2-6372-4ef3-abdb-dbe52a7b56ba/resourceGroups/graham-dev/providers/Microsoft.Network/virtualNetworks/wpcVnet/subnets/wpcSubnet",
                            "location": "westeurope",
                            "mac_address": "",
                            "name": "wpcgodev02NIC",
                            "network_security_group_id": "/subscriptions/c0a607b2-6372-4ef3-abdb-dbe52a7b56ba/resourceGroups/graham-dev/providers/Microsoft.Network/networkSecurityGroups/wpcothersNetworkSecurityGroup",
                            "private_ip_address": "192.168.2.120",
                            "private_ip_addresses.#": "1",
                            "private_ip_addresses.0": "192.168.2.120",
                            "resource_group_name": "graham-dev",
                            "tags.%": "1",
                            "tags.environment": "Web Page Counter"
                        },
                        "meta": {},
                        "tainted": false
                    },
                    "deposed": [],
                    "provider": "provider.azurerm"
                },
                "azurerm_network_interface.wpcnic": {
                    "type": "azurerm_network_interface",
                    "depends_on": [
                        "azurerm_network_security_group.wpcleadernsg",
                        "azurerm_public_ip.myterraformpublicip",
                        "azurerm_subnet.webpagecountersubnet"
                    ],
                    "primary": {
                        "id": "/subscriptions/c0a607b2-6372-4ef3-abdb-dbe52a7b56ba/resourceGroups/graham-dev/providers/Microsoft.Network/networkInterfaces/wpcNIC",
                        "attributes": {
                            "applied_dns_servers.#": "0",
                            "dns_servers.#": "0",
                            "enable_accelerated_networking": "false",
                            "enable_ip_forwarding": "false",
                            "id": "/subscriptions/c0a607b2-6372-4ef3-abdb-dbe52a7b56ba/resourceGroups/graham-dev/providers/Microsoft.Network/networkInterfaces/wpcNIC",
                            "internal_dns_name_label": "",
                            "internal_fqdn": "",
                            "ip_configuration.#": "1",
                            "ip_configuration.0.application_gateway_backend_address_pools_ids.#": "0",
                            "ip_configuration.0.application_security_group_ids.#": "0",
                            "ip_configuration.0.load_balancer_backend_address_pools_ids.#": "0",
                            "ip_configuration.0.load_balancer_inbound_nat_rules_ids.#": "0",
                            "ip_configuration.0.name": "wpcNicConfiguration",
                            "ip_configuration.0.primary": "true",
                            "ip_configuration.0.private_ip_address": "192.168.2.11",
                            "ip_configuration.0.private_ip_address_allocation": "static",
                            "ip_configuration.0.private_ip_address_version": "IPv4",
                            "ip_configuration.0.public_ip_address_id": "/subscriptions/c0a607b2-6372-4ef3-abdb-dbe52a7b56ba/resourceGroups/graham-dev/providers/Microsoft.Network/publicIPAddresses/wpcPublicIPleader",
                            "ip_configuration.0.subnet_id": "/subscriptions/c0a607b2-6372-4ef3-abdb-dbe52a7b56ba/resourceGroups/graham-dev/providers/Microsoft.Network/virtualNetworks/wpcVnet/subnets/wpcSubnet",
                            "location": "westeurope",
                            "mac_address": "",
                            "name": "wpcNIC",
                            "network_security_group_id": "/subscriptions/c0a607b2-6372-4ef3-abdb-dbe52a7b56ba/resourceGroups/graham-dev/providers/Microsoft.Network/networkSecurityGroups/wpcleaderNetworkSecurityGroup",
                            "private_ip_address": "192.168.2.11",
                            "private_ip_addresses.#": "1",
                            "private_ip_addresses.0": "192.168.2.11",
                            "resource_group_name": "graham-dev",
                            "tags.%": "1",
                            "tags.environment": "Web Page Counter"
                        },
                        "meta": {},
                        "tainted": false
                    },
                    "deposed": [],
                    "provider": "provider.azurerm"
                },
                "azurerm_network_interface.wpcproxynic": {
                    "type": "azurerm_network_interface",
                    "depends_on": [
                        "azurerm_network_security_group.wpcproxynsg",
                        "azurerm_public_ip.wpcpublicipproxy",
                        "azurerm_subnet.webpagecountersubnet"
                    ],
                    "primary": {
                        "id": "/subscriptions/c0a607b2-6372-4ef3-abdb-dbe52a7b56ba/resourceGroups/graham-dev/providers/Microsoft.Network/networkInterfaces/wpcproxyNIC",
                        "attributes": {
                            "applied_dns_servers.#": "0",
                            "dns_servers.#": "0",
                            "enable_accelerated_networking": "false",
                            "enable_ip_forwarding": "false",
                            "id": "/subscriptions/c0a607b2-6372-4ef3-abdb-dbe52a7b56ba/resourceGroups/graham-dev/providers/Microsoft.Network/networkInterfaces/wpcproxyNIC",
                            "internal_dns_name_label": "",
                            "internal_fqdn": "",
                            "ip_configuration.#": "1",
                            "ip_configuration.0.application_gateway_backend_address_pools_ids.#": "0",
                            "ip_configuration.0.application_security_group_ids.#": "0",
                            "ip_configuration.0.load_balancer_backend_address_pools_ids.#": "0",
                            "ip_configuration.0.load_balancer_inbound_nat_rules_ids.#": "0",
                            "ip_configuration.0.name": "wpcproxyNicConfiguration",
                            "ip_configuration.0.primary": "true",
                            "ip_configuration.0.private_ip_address": "192.168.2.250",
                            "ip_configuration.0.private_ip_address_allocation": "static",
                            "ip_configuration.0.private_ip_address_version": "IPv4",
                            "ip_configuration.0.public_ip_address_id": "/subscriptions/c0a607b2-6372-4ef3-abdb-dbe52a7b56ba/resourceGroups/graham-dev/providers/Microsoft.Network/publicIPAddresses/wpcPublicIPproxy",
                            "ip_configuration.0.subnet_id": "/subscriptions/c0a607b2-6372-4ef3-abdb-dbe52a7b56ba/resourceGroups/graham-dev/providers/Microsoft.Network/virtualNetworks/wpcVnet/subnets/wpcSubnet",
                            "location": "westeurope",
                            "mac_address": "",
                            "name": "wpcproxyNIC",
                            "network_security_group_id": "/subscriptions/c0a607b2-6372-4ef3-abdb-dbe52a7b56ba/resourceGroups/graham-dev/providers/Microsoft.Network/networkSecurityGroups/wpcproxyNetworkSecurityGroup",
                            "private_ip_address": "192.168.2.250",
                            "private_ip_addresses.#": "1",
                            "private_ip_addresses.0": "192.168.2.250",
                            "resource_group_name": "graham-dev",
                            "tags.%": "1",
                            "tags.environment": "Web Page Counter"
                        },
                        "meta": {},
                        "tainted": false
                    },
                    "deposed": [],
                    "provider": "provider.azurerm"
                },
                "azurerm_network_interface.wpcredisnic": {
                    "type": "azurerm_network_interface",
                    "depends_on": [
                        "azurerm_network_security_group.wpcothersnsg",
                        "azurerm_subnet.webpagecountersubnet"
                    ],
                    "primary": {
                        "id": "/subscriptions/c0a607b2-6372-4ef3-abdb-dbe52a7b56ba/resourceGroups/graham-dev/providers/Microsoft.Network/networkInterfaces/wpcredisNIC",
                        "attributes": {
                            "applied_dns_servers.#": "0",
                            "dns_servers.#": "0",
                            "enable_accelerated_networking": "false",
                            "enable_ip_forwarding": "false",
                            "id": "/subscriptions/c0a607b2-6372-4ef3-abdb-dbe52a7b56ba/resourceGroups/graham-dev/providers/Microsoft.Network/networkInterfaces/wpcredisNIC",
                            "internal_dns_name_label": "",
                            "internal_fqdn": "",
                            "ip_configuration.#": "1",
                            "ip_configuration.0.application_gateway_backend_address_pools_ids.#": "0",
                            "ip_configuration.0.application_security_group_ids.#": "0",
                            "ip_configuration.0.load_balancer_backend_address_pools_ids.#": "0",
                            "ip_configuration.0.load_balancer_inbound_nat_rules_ids.#": "0",
                            "ip_configuration.0.name": "wpcredisNicConfiguration",
                            "ip_configuration.0.primary": "true",
                            "ip_configuration.0.private_ip_address": "192.168.2.200",
                            "ip_configuration.0.private_ip_address_allocation": "static",
                            "ip_configuration.0.private_ip_address_version": "IPv4",
                            "ip_configuration.0.public_ip_address_id": "",
                            "ip_configuration.0.subnet_id": "/subscriptions/c0a607b2-6372-4ef3-abdb-dbe52a7b56ba/resourceGroups/graham-dev/providers/Microsoft.Network/virtualNetworks/wpcVnet/subnets/wpcSubnet",
                            "location": "westeurope",
                            "mac_address": "",
                            "name": "wpcredisNIC",
                            "network_security_group_id": "/subscriptions/c0a607b2-6372-4ef3-abdb-dbe52a7b56ba/resourceGroups/graham-dev/providers/Microsoft.Network/networkSecurityGroups/wpcothersNetworkSecurityGroup",
                            "private_ip_address": "192.168.2.200",
                            "private_ip_addresses.#": "1",
                            "private_ip_addresses.0": "192.168.2.200",
                            "resource_group_name": "graham-dev",
                            "tags.%": "1",
                            "tags.environment": "Web Page Counter"
                        },
                        "meta": {},
                        "tainted": false
                    },
                    "deposed": [],
                    "provider": "provider.azurerm"
                },
                "azurerm_network_security_group.wpcleadernsg": {
                    "type": "azurerm_network_security_group",
                    "depends_on": [],
                    "primary": {
                        "id": "/subscriptions/c0a607b2-6372-4ef3-abdb-dbe52a7b56ba/resourceGroups/graham-dev/providers/Microsoft.Network/networkSecurityGroups/wpcleaderNetworkSecurityGroup",
                        "attributes": {
                            "id": "/subscriptions/c0a607b2-6372-4ef3-abdb-dbe52a7b56ba/resourceGroups/graham-dev/providers/Microsoft.Network/networkSecurityGroups/wpcleaderNetworkSecurityGroup",
                            "location": "westeurope",
                            "name": "wpcleaderNetworkSecurityGroup",
                            "resource_group_name": "graham-dev",
                            "security_rule.#": "5",
                            "security_rule.1570825653.access": "Allow",
                            "security_rule.1570825653.description": "",
                            "security_rule.1570825653.destination_address_prefix": "*",
                            "security_rule.1570825653.destination_address_prefixes.#": "0",
                            "security_rule.1570825653.destination_application_security_group_ids.#": "0",
                            "security_rule.1570825653.destination_port_range": "8314",
                            "security_rule.1570825653.destination_port_ranges.#": "0",
                            "security_rule.1570825653.direction": "Inbound",
                            "security_rule.1570825653.name": "FACTORY",
                            "security_rule.1570825653.priority": "1005",
                            "security_rule.1570825653.protocol": "Tcp",
                            "security_rule.1570825653.source_address_prefix": "86.182.171.21/32",
                            "security_rule.1570825653.source_address_prefixes.#": "0",
                            "security_rule.1570825653.source_application_security_group_ids.#": "0",
                            "security_rule.1570825653.source_port_range": "*",
                            "security_rule.1570825653.source_port_ranges.#": "0",
                            "security_rule.2522637891.access": "Allow",
                            "security_rule.2522637891.description": "",
                            "security_rule.2522637891.destination_address_prefix": "*",
                            "security_rule.2522637891.destination_address_prefixes.#": "0",
                            "security_rule.2522637891.destination_application_security_group_ids.#": "0",
                            "security_rule.2522637891.destination_port_range": "22",
                            "security_rule.2522637891.destination_port_ranges.#": "0",
                            "security_rule.2522637891.direction": "Inbound",
                            "security_rule.2522637891.name": "SSH",
                            "security_rule.2522637891.priority": "1001",
                            "security_rule.2522637891.protocol": "Tcp",
                            "security_rule.2522637891.source_address_prefix": "86.182.171.21/32",
                            "security_rule.2522637891.source_address_prefixes.#": "0",
                            "security_rule.2522637891.source_application_security_group_ids.#": "0",
                            "security_rule.2522637891.source_port_range": "*",
                            "security_rule.2522637891.source_port_ranges.#": "0",
                            "security_rule.3594183110.access": "Allow",
                            "security_rule.3594183110.description": "",
                            "security_rule.3594183110.destination_address_prefix": "*",
                            "security_rule.3594183110.destination_address_prefixes.#": "0",
                            "security_rule.3594183110.destination_application_security_group_ids.#": "0",
                            "security_rule.3594183110.destination_port_range": "8200",
                            "security_rule.3594183110.destination_port_ranges.#": "0",
                            "security_rule.3594183110.direction": "Inbound",
                            "security_rule.3594183110.name": "VAULT",
                            "security_rule.3594183110.priority": "1003",
                            "security_rule.3594183110.protocol": "Tcp",
                            "security_rule.3594183110.source_address_prefix": "86.182.171.21/32",
                            "security_rule.3594183110.source_address_prefixes.#": "0",
                            "security_rule.3594183110.source_application_security_group_ids.#": "0",
                            "security_rule.3594183110.source_port_range": "*",
                            "security_rule.3594183110.source_port_ranges.#": "0",
                            "security_rule.3695239067.access": "Allow",
                            "security_rule.3695239067.description": "",
                            "security_rule.3695239067.destination_address_prefix": "*",
                            "security_rule.3695239067.destination_address_prefixes.#": "0",
                            "security_rule.3695239067.destination_application_security_group_ids.#": "0",
                            "security_rule.3695239067.destination_port_range": "8321",
                            "security_rule.3695239067.destination_port_ranges.#": "0",
                            "security_rule.3695239067.direction": "Inbound",
                            "security_rule.3695239067.name": "CONSUL",
                            "security_rule.3695239067.priority": "1002",
                            "security_rule.3695239067.protocol": "Tcp",
                            "security_rule.3695239067.source_address_prefix": "86.182.171.21/32",
                            "security_rule.3695239067.source_address_prefixes.#": "0",
                            "security_rule.3695239067.source_application_security_group_ids.#": "0",
                            "security_rule.3695239067.source_port_range": "*",
                            "security_rule.3695239067.source_port_ranges.#": "0",
                            "security_rule.609394436.access": "Allow",
                            "security_rule.609394436.description": "",
                            "security_rule.609394436.destination_address_prefix": "*",
                            "security_rule.609394436.destination_address_prefixes.#": "0",
                            "security_rule.609394436.destination_application_security_group_ids.#": "0",
                            "security_rule.609394436.destination_port_range": "4646",
                            "security_rule.609394436.destination_port_ranges.#": "0",
                            "security_rule.609394436.direction": "Inbound",
                            "security_rule.609394436.name": "NOMAD",
                            "security_rule.609394436.priority": "1004",
                            "security_rule.609394436.protocol": "Tcp",
                            "security_rule.609394436.source_address_prefix": "86.182.171.21/32",
                            "security_rule.609394436.source_address_prefixes.#": "0",
                            "security_rule.609394436.source_application_security_group_ids.#": "0",
                            "security_rule.609394436.source_port_range": "*",
                            "security_rule.609394436.source_port_ranges.#": "0",
                            "tags.%": "1",
                            "tags.environment": "Web Page Counter"
                        },
                        "meta": {},
                        "tainted": false
                    },
                    "deposed": [],
                    "provider": "provider.azurerm"
                },
                "azurerm_network_security_group.wpcothersnsg": {
                    "type": "azurerm_network_security_group",
                    "depends_on": [],
                    "primary": {
                        "id": "/subscriptions/c0a607b2-6372-4ef3-abdb-dbe52a7b56ba/resourceGroups/graham-dev/providers/Microsoft.Network/networkSecurityGroups/wpcothersNetworkSecurityGroup",
                        "attributes": {
                            "id": "/subscriptions/c0a607b2-6372-4ef3-abdb-dbe52a7b56ba/resourceGroups/graham-dev/providers/Microsoft.Network/networkSecurityGroups/wpcothersNetworkSecurityGroup",
                            "location": "westeurope",
                            "name": "wpcothersNetworkSecurityGroup",
                            "resource_group_name": "graham-dev",
                            "security_rule.#": "1",
                            "security_rule.3669378114.access": "Allow",
                            "security_rule.3669378114.description": "",
                            "security_rule.3669378114.destination_address_prefix": "*",
                            "security_rule.3669378114.destination_address_prefixes.#": "0",
                            "security_rule.3669378114.destination_application_security_group_ids.#": "0",
                            "security_rule.3669378114.destination_port_range": "22",
                            "security_rule.3669378114.destination_port_ranges.#": "0",
                            "security_rule.3669378114.direction": "Inbound",
                            "security_rule.3669378114.name": "SSH",
                            "security_rule.3669378114.priority": "1006",
                            "security_rule.3669378114.protocol": "Tcp",
                            "security_rule.3669378114.source_address_prefix": "86.182.171.21/32",
                            "security_rule.3669378114.source_address_prefixes.#": "0",
                            "security_rule.3669378114.source_application_security_group_ids.#": "0",
                            "security_rule.3669378114.source_port_range": "*",
                            "security_rule.3669378114.source_port_ranges.#": "0",
                            "tags.%": "1",
                            "tags.environment": "Web Page Counter"
                        },
                        "meta": {},
                        "tainted": false
                    },
                    "deposed": [],
                    "provider": "provider.azurerm"
                },
                "azurerm_network_security_group.wpcproxynsg": {
                    "type": "azurerm_network_security_group",
                    "depends_on": [],
                    "primary": {
                        "id": "/subscriptions/c0a607b2-6372-4ef3-abdb-dbe52a7b56ba/resourceGroups/graham-dev/providers/Microsoft.Network/networkSecurityGroups/wpcproxyNetworkSecurityGroup",
                        "attributes": {
                            "id": "/subscriptions/c0a607b2-6372-4ef3-abdb-dbe52a7b56ba/resourceGroups/graham-dev/providers/Microsoft.Network/networkSecurityGroups/wpcproxyNetworkSecurityGroup",
                            "location": "westeurope",
                            "name": "wpcproxyNetworkSecurityGroup",
                            "resource_group_name": "graham-dev",
                            "security_rule.#": "2",
                            "security_rule.2737884232.access": "Allow",
                            "security_rule.2737884232.description": "",
                            "security_rule.2737884232.destination_address_prefix": "*",
                            "security_rule.2737884232.destination_address_prefixes.#": "0",
                            "security_rule.2737884232.destination_application_security_group_ids.#": "0",
                            "security_rule.2737884232.destination_port_range": "9091",
                            "security_rule.2737884232.destination_port_ranges.#": "0",
                            "security_rule.2737884232.direction": "Inbound",
                            "security_rule.2737884232.name": "WEBFRONTEND",
                            "security_rule.2737884232.priority": "1008",
                            "security_rule.2737884232.protocol": "Tcp",
                            "security_rule.2737884232.source_address_prefix": "86.182.171.21/32",
                            "security_rule.2737884232.source_address_prefixes.#": "0",
                            "security_rule.2737884232.source_application_security_group_ids.#": "0",
                            "security_rule.2737884232.source_port_range": "*",
                            "security_rule.2737884232.source_port_ranges.#": "0",
                            "security_rule.3273860249.access": "Allow",
                            "security_rule.3273860249.description": "",
                            "security_rule.3273860249.destination_address_prefix": "*",
                            "security_rule.3273860249.destination_address_prefixes.#": "0",
                            "security_rule.3273860249.destination_application_security_group_ids.#": "0",
                            "security_rule.3273860249.destination_port_range": "22",
                            "security_rule.3273860249.destination_port_ranges.#": "0",
                            "security_rule.3273860249.direction": "Inbound",
                            "security_rule.3273860249.name": "SSH",
                            "security_rule.3273860249.priority": "1007",
                            "security_rule.3273860249.protocol": "Tcp",
                            "security_rule.3273860249.source_address_prefix": "86.182.171.21/32",
                            "security_rule.3273860249.source_address_prefixes.#": "0",
                            "security_rule.3273860249.source_application_security_group_ids.#": "0",
                            "security_rule.3273860249.source_port_range": "*",
                            "security_rule.3273860249.source_port_ranges.#": "0",
                            "tags.%": "1",
                            "tags.environment": "Web Page Counter"
                        },
                        "meta": {},
                        "tainted": false
                    },
                    "deposed": [],
                    "provider": "provider.azurerm"
                },
                "azurerm_public_ip.myterraformpublicip": {
                    "type": "azurerm_public_ip",
                    "depends_on": [],
                    "primary": {
                        "id": "/subscriptions/c0a607b2-6372-4ef3-abdb-dbe52a7b56ba/resourceGroups/graham-dev/providers/Microsoft.Network/publicIPAddresses/wpcPublicIPleader",
                        "attributes": {
                            "allocation_method": "Dynamic",
                            "id": "/subscriptions/c0a607b2-6372-4ef3-abdb-dbe52a7b56ba/resourceGroups/graham-dev/providers/Microsoft.Network/publicIPAddresses/wpcPublicIPleader",
                            "idle_timeout_in_minutes": "4",
                            "ip_address": "",
                            "ip_version": "IPv4",
                            "location": "westeurope",
                            "name": "wpcPublicIPleader",
                            "public_ip_address_allocation": "Dynamic",
                            "resource_group_name": "graham-dev",
                            "sku": "Basic",
                            "tags.%": "1",
                            "tags.environment": "Web Page Counter",
                            "zones.#": "0"
                        },
                        "meta": {},
                        "tainted": false
                    },
                    "deposed": [],
                    "provider": "provider.azurerm"
                },
                "azurerm_public_ip.wpcpublicipproxy": {
                    "type": "azurerm_public_ip",
                    "depends_on": [],
                    "primary": {
                        "id": "/subscriptions/c0a607b2-6372-4ef3-abdb-dbe52a7b56ba/resourceGroups/graham-dev/providers/Microsoft.Network/publicIPAddresses/wpcPublicIPproxy",
                        "attributes": {
                            "allocation_method": "Dynamic",
                            "id": "/subscriptions/c0a607b2-6372-4ef3-abdb-dbe52a7b56ba/resourceGroups/graham-dev/providers/Microsoft.Network/publicIPAddresses/wpcPublicIPproxy",
                            "idle_timeout_in_minutes": "4",
                            "ip_address": "",
                            "ip_version": "IPv4",
                            "location": "westeurope",
                            "name": "wpcPublicIPproxy",
                            "public_ip_address_allocation": "Dynamic",
                            "resource_group_name": "graham-dev",
                            "sku": "Basic",
                            "tags.%": "1",
                            "tags.environment": "Web Page Counter",
                            "zones.#": "0"
                        },
                        "meta": {},
                        "tainted": false
                    },
                    "deposed": [],
                    "provider": "provider.azurerm"
                },
                "azurerm_storage_account.mystorageaccount": {
                    "type": "azurerm_storage_account",
                    "depends_on": [
                        "random_id.randomId"
                    ],
                    "primary": {
                        "id": "/subscriptions/c0a607b2-6372-4ef3-abdb-dbe52a7b56ba/resourceGroups/graham-dev/providers/Microsoft.Storage/storageAccounts/diag31cae24df72f2dde",
                        "attributes": {
                            "access_tier": "",
                            "account_encryption_source": "Microsoft.Storage",
                            "account_kind": "Storage",
                            "account_replication_type": "LRS",
                            "account_tier": "Standard",
                            "account_type": "Standard_LRS",
                            "enable_blob_encryption": "true",
                            "enable_file_encryption": "true",
                            "enable_https_traffic_only": "false",
                            "id": "/subscriptions/c0a607b2-6372-4ef3-abdb-dbe52a7b56ba/resourceGroups/graham-dev/providers/Microsoft.Storage/storageAccounts/diag31cae24df72f2dde",
                            "identity.#": "0",
                            "location": "westeurope",
                            "name": "diag31cae24df72f2dde",
                            "network_rules.#": "0",
                            "primary_access_key": "XBiBcyFfZ8yyXNz1XaBp4W+Qr25WhDiYRzCNW9sao+C0kpiEzYFkSdnT2Fp2jbaV+TaRXHx05X0o7eh4j79FzA==",
                            "primary_blob_connection_string": "DefaultEndpointsProtocol=https;BlobEndpoint=https://diag31cae24df72f2dde.blob.core.windows.net/;AccountName=diag31cae24df72f2dde;AccountKey=XBiBcyFfZ8yyXNz1XaBp4W+Qr25WhDiYRzCNW9sao+C0kpiEzYFkSdnT2Fp2jbaV+TaRXHx05X0o7eh4j79FzA==",
                            "primary_blob_endpoint": "https://diag31cae24df72f2dde.blob.core.windows.net/",
                            "primary_connection_string": "DefaultEndpointsProtocol=https;AccountName=diag31cae24df72f2dde;AccountKey=XBiBcyFfZ8yyXNz1XaBp4W+Qr25WhDiYRzCNW9sao+C0kpiEzYFkSdnT2Fp2jbaV+TaRXHx05X0o7eh4j79FzA==;EndpointSuffix=core.windows.net",
                            "primary_file_endpoint": "https://diag31cae24df72f2dde.file.core.windows.net/",
                            "primary_location": "westeurope",
                            "primary_queue_endpoint": "https://diag31cae24df72f2dde.queue.core.windows.net/",
                            "primary_table_endpoint": "https://diag31cae24df72f2dde.table.core.windows.net/",
                            "resource_group_name": "graham-dev",
                            "secondary_access_key": "L7UcJsN2EChd+l7F+gz7VXgBH0Ve4AXEmevsrEWQB3cPrGx2rxia7hPonnT0DfuqBCwVdBI4Zf+fmDa9k1ZS4g==",
                            "secondary_connection_string": "DefaultEndpointsProtocol=https;AccountName=diag31cae24df72f2dde;AccountKey=L7UcJsN2EChd+l7F+gz7VXgBH0Ve4AXEmevsrEWQB3cPrGx2rxia7hPonnT0DfuqBCwVdBI4Zf+fmDa9k1ZS4g==;EndpointSuffix=core.windows.net",
                            "secondary_location": "",
                            "tags.%": "1",
                            "tags.environment": "Web Page Counter"
                        },
                        "meta": {
                            "schema_version": "2"
                        },
                        "tainted": false
                    },
                    "deposed": [],
                    "provider": "provider.azurerm"
                },
                "azurerm_subnet.webpagecountersubnet": {
                    "type": "azurerm_subnet",
                    "depends_on": [
                        "azurerm_virtual_network.webpagecounternetwork"
                    ],
                    "primary": {
                        "id": "/subscriptions/c0a607b2-6372-4ef3-abdb-dbe52a7b56ba/resourceGroups/graham-dev/providers/Microsoft.Network/virtualNetworks/wpcVnet/subnets/wpcSubnet",
                        "attributes": {
                            "address_prefix": "192.168.2.0/24",
                            "delegation.#": "0",
                            "id": "/subscriptions/c0a607b2-6372-4ef3-abdb-dbe52a7b56ba/resourceGroups/graham-dev/providers/Microsoft.Network/virtualNetworks/wpcVnet/subnets/wpcSubnet",
                            "ip_configurations.#": "0",
                            "name": "wpcSubnet",
                            "network_security_group_id": "",
                            "resource_group_name": "graham-dev",
                            "route_table_id": "",
                            "service_endpoints.#": "0",
                            "virtual_network_name": "wpcVnet"
                        },
                        "meta": {},
                        "tainted": false
                    },
                    "deposed": [],
                    "provider": "provider.azurerm"
                },
                "azurerm_virtual_machine.godev01vm": {
                    "type": "azurerm_virtual_machine",
                    "depends_on": [
                        "azurerm_network_interface.wpcgodev01nic",
                        "azurerm_storage_account.mystorageaccount",
                        "azurerm_virtual_machine.myterraformvm",
                        "azurerm_virtual_machine.redisvm",
                        "data.template_cloudinit_config.godevcloudconfig"
                    ],
                    "primary": {
                        "id": "/subscriptions/c0a607b2-6372-4ef3-abdb-dbe52a7b56ba/resourceGroups/graham-dev/providers/Microsoft.Compute/virtualMachines/godev01",
                        "attributes": {
                            "boot_diagnostics.#": "1",
                            "boot_diagnostics.0.enabled": "true",
                            "boot_diagnostics.0.storage_uri": "https://diag31cae24df72f2dde.blob.core.windows.net/",
                            "delete_data_disks_on_termination": "true",
                            "delete_os_disk_on_termination": "true",
                            "id": "/subscriptions/c0a607b2-6372-4ef3-abdb-dbe52a7b56ba/resourceGroups/graham-dev/providers/Microsoft.Compute/virtualMachines/godev01",
                            "identity.#": "0",
                            "location": "westeurope",
                            "name": "godev01",
                            "network_interface_ids.#": "1",
                            "network_interface_ids.0": "/subscriptions/c0a607b2-6372-4ef3-abdb-dbe52a7b56ba/resourceGroups/graham-dev/providers/Microsoft.Network/networkInterfaces/wpcgodev01NIC",
                            "os_profile.#": "1",
                            "os_profile.3805656016.admin_password": "",
                            "os_profile.3805656016.admin_username": "azureuser",
                            "os_profile.3805656016.computer_name": "godev01",
                            "os_profile.3805656016.custom_data": "",
                            "os_profile_linux_config.#": "1",
                            "os_profile_linux_config.69840937.disable_password_authentication": "true",
                            "os_profile_linux_config.69840937.ssh_keys.#": "1",
                            "os_profile_linux_config.69840937.ssh_keys.0.key_data": "ssh-rsa AAAAB3NzaC1yc2EAAAADAQABAAABAQDB4nVp5hxEb9a9ie7BIC3SRB2yInqURv4koBWZYR8iIEHtAPrZSr+Px+bc6jgolt+byzQ0LbtZcVnQcrxaYtNG/UZ1wGMy/gC1LA3vbfqQgRtvaCdWdJrtwth8eIVLen4plV/XwK2MXk5DNg501zLjQt1E4POCTZdUXM2VISxyXDyruw77JyqYDOnMvKb6x6Jkio8ZnAOOtArUO+fhe7F/rftkgt8kya48e/gv0N1pBzrnbWPmt1eC8KVqNORzaclgWqrWX7aFYMfJdWY6EIkOneKlRHrBcZSI5qi/WNXYlKznLcKgiLkdWgYY2bnuEqgNLjp2+KSK0oEnILrKRFF5 graham@allthingscloud.eu",
                            "os_profile_linux_config.69840937.ssh_keys.0.path": "/home/azureuser/.ssh/authorized_keys",
                            "os_profile_secrets.#": "0",
                            "os_profile_windows_config.#": "0",
                            "plan.#": "0",
                            "resource_group_name": "graham-dev",
                            "storage_data_disk.#": "0",
                            "storage_image_reference.#": "1",
                            "storage_image_reference.2419776712.id": "/subscriptions/c0a607b2-6372-4ef3-abdb-dbe52a7b56ba/resourceGroups/graham-dev/providers/Microsoft.Compute/images/webPageCounter",
                            "storage_image_reference.2419776712.offer": "",
                            "storage_image_reference.2419776712.publisher": "",
                            "storage_image_reference.2419776712.sku": "",
                            "storage_image_reference.2419776712.version": "",
                            "storage_os_disk.#": "1",
                            "storage_os_disk.0.caching": "ReadWrite",
                            "storage_os_disk.0.create_option": "FromImage",
                            "storage_os_disk.0.disk_size_gb": "30",
                            "storage_os_disk.0.image_uri": "",
                            "storage_os_disk.0.managed_disk_id": "/subscriptions/c0a607b2-6372-4ef3-abdb-dbe52a7b56ba/resourceGroups/graham-dev/providers/Microsoft.Compute/disks/godev01OsDisk",
                            "storage_os_disk.0.managed_disk_type": "Standard_LRS",
                            "storage_os_disk.0.name": "godev01OsDisk",
                            "storage_os_disk.0.os_type": "Linux",
                            "storage_os_disk.0.vhd_uri": "",
                            "storage_os_disk.0.write_accelerator_enabled": "false",
                            "tags.%": "1",
                            "tags.environment": "Web Page Counter",
                            "vm_size": "Standard_DS2_v2",
                            "zones.#": "0"
                        },
                        "meta": {},
                        "tainted": false
                    },
                    "deposed": [],
                    "provider": "provider.azurerm"
                },
                "azurerm_virtual_machine.godev02vm": {
                    "type": "azurerm_virtual_machine",
                    "depends_on": [
                        "azurerm_network_interface.wpcgodev02nic",
                        "azurerm_storage_account.mystorageaccount",
                        "azurerm_virtual_machine.godev01vm",
                        "data.template_cloudinit_config.godevcloudconfig"
                    ],
                    "primary": {
                        "id": "/subscriptions/c0a607b2-6372-4ef3-abdb-dbe52a7b56ba/resourceGroups/graham-dev/providers/Microsoft.Compute/virtualMachines/godev02",
                        "attributes": {
                            "boot_diagnostics.#": "1",
                            "boot_diagnostics.0.enabled": "true",
                            "boot_diagnostics.0.storage_uri": "https://diag31cae24df72f2dde.blob.core.windows.net/",
                            "delete_data_disks_on_termination": "true",
                            "delete_os_disk_on_termination": "true",
                            "id": "/subscriptions/c0a607b2-6372-4ef3-abdb-dbe52a7b56ba/resourceGroups/graham-dev/providers/Microsoft.Compute/virtualMachines/godev02",
                            "identity.#": "0",
                            "location": "westeurope",
                            "name": "godev02",
                            "network_interface_ids.#": "1",
                            "network_interface_ids.0": "/subscriptions/c0a607b2-6372-4ef3-abdb-dbe52a7b56ba/resourceGroups/graham-dev/providers/Microsoft.Network/networkInterfaces/wpcgodev02NIC",
                            "os_profile.#": "1",
                            "os_profile.3388530707.admin_password": "",
                            "os_profile.3388530707.admin_username": "azureuser",
                            "os_profile.3388530707.computer_name": "godev02",
                            "os_profile.3388530707.custom_data": "",
                            "os_profile_linux_config.#": "1",
                            "os_profile_linux_config.69840937.disable_password_authentication": "true",
                            "os_profile_linux_config.69840937.ssh_keys.#": "1",
                            "os_profile_linux_config.69840937.ssh_keys.0.key_data": "ssh-rsa AAAAB3NzaC1yc2EAAAADAQABAAABAQDB4nVp5hxEb9a9ie7BIC3SRB2yInqURv4koBWZYR8iIEHtAPrZSr+Px+bc6jgolt+byzQ0LbtZcVnQcrxaYtNG/UZ1wGMy/gC1LA3vbfqQgRtvaCdWdJrtwth8eIVLen4plV/XwK2MXk5DNg501zLjQt1E4POCTZdUXM2VISxyXDyruw77JyqYDOnMvKb6x6Jkio8ZnAOOtArUO+fhe7F/rftkgt8kya48e/gv0N1pBzrnbWPmt1eC8KVqNORzaclgWqrWX7aFYMfJdWY6EIkOneKlRHrBcZSI5qi/WNXYlKznLcKgiLkdWgYY2bnuEqgNLjp2+KSK0oEnILrKRFF5 graham@allthingscloud.eu",
                            "os_profile_linux_config.69840937.ssh_keys.0.path": "/home/azureuser/.ssh/authorized_keys",
                            "os_profile_secrets.#": "0",
                            "os_profile_windows_config.#": "0",
                            "plan.#": "0",
                            "resource_group_name": "graham-dev",
                            "storage_data_disk.#": "0",
                            "storage_image_reference.#": "1",
                            "storage_image_reference.2419776712.id": "/subscriptions/c0a607b2-6372-4ef3-abdb-dbe52a7b56ba/resourceGroups/graham-dev/providers/Microsoft.Compute/images/webPageCounter",
                            "storage_image_reference.2419776712.offer": "",
                            "storage_image_reference.2419776712.publisher": "",
                            "storage_image_reference.2419776712.sku": "",
                            "storage_image_reference.2419776712.version": "",
                            "storage_os_disk.#": "1",
                            "storage_os_disk.0.caching": "ReadWrite",
                            "storage_os_disk.0.create_option": "FromImage",
                            "storage_os_disk.0.disk_size_gb": "30",
                            "storage_os_disk.0.image_uri": "",
                            "storage_os_disk.0.managed_disk_id": "/subscriptions/c0a607b2-6372-4ef3-abdb-dbe52a7b56ba/resourceGroups/graham-dev/providers/Microsoft.Compute/disks/godev02OsDisk",
                            "storage_os_disk.0.managed_disk_type": "Standard_LRS",
                            "storage_os_disk.0.name": "godev02OsDisk",
                            "storage_os_disk.0.os_type": "Linux",
                            "storage_os_disk.0.vhd_uri": "",
                            "storage_os_disk.0.write_accelerator_enabled": "false",
                            "tags.%": "1",
                            "tags.environment": "Web Page Counter",
                            "vm_size": "Standard_DS2_v2",
                            "zones.#": "0"
                        },
                        "meta": {},
                        "tainted": false
                    },
                    "deposed": [],
                    "provider": "provider.azurerm"
                },
                "azurerm_virtual_machine.myterraformvm": {
                    "type": "azurerm_virtual_machine",
                    "depends_on": [
                        "azurerm_network_interface.wpcnic",
                        "azurerm_storage_account.mystorageaccount",
                        "data.template_cloudinit_config.leadercloudconfig"
                    ],
                    "primary": {
                        "id": "/subscriptions/c0a607b2-6372-4ef3-abdb-dbe52a7b56ba/resourceGroups/graham-dev/providers/Microsoft.Compute/virtualMachines/leader01",
                        "attributes": {
                            "boot_diagnostics.#": "1",
                            "boot_diagnostics.0.enabled": "true",
                            "boot_diagnostics.0.storage_uri": "https://diag31cae24df72f2dde.blob.core.windows.net/",
                            "delete_data_disks_on_termination": "true",
                            "delete_os_disk_on_termination": "true",
                            "id": "/subscriptions/c0a607b2-6372-4ef3-abdb-dbe52a7b56ba/resourceGroups/graham-dev/providers/Microsoft.Compute/virtualMachines/leader01",
                            "identity.#": "0",
                            "location": "westeurope",
                            "name": "leader01",
                            "network_interface_ids.#": "1",
                            "network_interface_ids.0": "/subscriptions/c0a607b2-6372-4ef3-abdb-dbe52a7b56ba/resourceGroups/graham-dev/providers/Microsoft.Network/networkInterfaces/wpcNIC",
                            "os_profile.#": "1",
                            "os_profile.1794473990.admin_password": "",
                            "os_profile.1794473990.admin_username": "azureuser",
                            "os_profile.1794473990.computer_name": "leader01",
                            "os_profile.1794473990.custom_data": "",
                            "os_profile_linux_config.#": "1",
                            "os_profile_linux_config.69840937.disable_password_authentication": "true",
                            "os_profile_linux_config.69840937.ssh_keys.#": "1",
                            "os_profile_linux_config.69840937.ssh_keys.0.key_data": "ssh-rsa AAAAB3NzaC1yc2EAAAADAQABAAABAQDB4nVp5hxEb9a9ie7BIC3SRB2yInqURv4koBWZYR8iIEHtAPrZSr+Px+bc6jgolt+byzQ0LbtZcVnQcrxaYtNG/UZ1wGMy/gC1LA3vbfqQgRtvaCdWdJrtwth8eIVLen4plV/XwK2MXk5DNg501zLjQt1E4POCTZdUXM2VISxyXDyruw77JyqYDOnMvKb6x6Jkio8ZnAOOtArUO+fhe7F/rftkgt8kya48e/gv0N1pBzrnbWPmt1eC8KVqNORzaclgWqrWX7aFYMfJdWY6EIkOneKlRHrBcZSI5qi/WNXYlKznLcKgiLkdWgYY2bnuEqgNLjp2+KSK0oEnILrKRFF5 graham@allthingscloud.eu",
                            "os_profile_linux_config.69840937.ssh_keys.0.path": "/home/azureuser/.ssh/authorized_keys",
                            "os_profile_secrets.#": "0",
                            "os_profile_windows_config.#": "0",
                            "plan.#": "0",
                            "resource_group_name": "graham-dev",
                            "storage_data_disk.#": "0",
                            "storage_image_reference.#": "1",
                            "storage_image_reference.2419776712.id": "/subscriptions/c0a607b2-6372-4ef3-abdb-dbe52a7b56ba/resourceGroups/graham-dev/providers/Microsoft.Compute/images/webPageCounter",
                            "storage_image_reference.2419776712.offer": "",
                            "storage_image_reference.2419776712.publisher": "",
                            "storage_image_reference.2419776712.sku": "",
                            "storage_image_reference.2419776712.version": "",
                            "storage_os_disk.#": "1",
                            "storage_os_disk.0.caching": "ReadWrite",
                            "storage_os_disk.0.create_option": "FromImage",
                            "storage_os_disk.0.disk_size_gb": "30",
                            "storage_os_disk.0.image_uri": "",
                            "storage_os_disk.0.managed_disk_id": "/subscriptions/c0a607b2-6372-4ef3-abdb-dbe52a7b56ba/resourceGroups/graham-dev/providers/Microsoft.Compute/disks/leaderOsDisk",
                            "storage_os_disk.0.managed_disk_type": "Standard_LRS",
                            "storage_os_disk.0.name": "leaderOsDisk",
                            "storage_os_disk.0.os_type": "Linux",
                            "storage_os_disk.0.vhd_uri": "",
                            "storage_os_disk.0.write_accelerator_enabled": "false",
                            "tags.%": "1",
                            "tags.environment": "Web Page Counter",
                            "vm_size": "Standard_DS2_v2",
                            "zones.#": "0"
                        },
                        "meta": {},
                        "tainted": false
                    },
                    "deposed": [],
                    "provider": "provider.azurerm"
                },
                "azurerm_virtual_machine.redisvm": {
                    "type": "azurerm_virtual_machine",
                    "depends_on": [
                        "azurerm_network_interface.wpcredisnic",
                        "azurerm_storage_account.mystorageaccount",
                        "azurerm_virtual_machine.myterraformvm",
                        "data.template_cloudinit_config.rediscloudconfig"
                    ],
                    "primary": {
                        "id": "/subscriptions/c0a607b2-6372-4ef3-abdb-dbe52a7b56ba/resourceGroups/graham-dev/providers/Microsoft.Compute/virtualMachines/redis01",
                        "attributes": {
                            "boot_diagnostics.#": "1",
                            "boot_diagnostics.0.enabled": "true",
                            "boot_diagnostics.0.storage_uri": "https://diag31cae24df72f2dde.blob.core.windows.net/",
                            "delete_data_disks_on_termination": "true",
                            "delete_os_disk_on_termination": "true",
                            "id": "/subscriptions/c0a607b2-6372-4ef3-abdb-dbe52a7b56ba/resourceGroups/graham-dev/providers/Microsoft.Compute/virtualMachines/redis01",
                            "identity.#": "0",
                            "location": "westeurope",
                            "name": "redis01",
                            "network_interface_ids.#": "1",
                            "network_interface_ids.0": "/subscriptions/c0a607b2-6372-4ef3-abdb-dbe52a7b56ba/resourceGroups/graham-dev/providers/Microsoft.Network/networkInterfaces/wpcredisNIC",
                            "os_profile.#": "1",
                            "os_profile.2161168098.admin_password": "",
                            "os_profile.2161168098.admin_username": "azureuser",
                            "os_profile.2161168098.computer_name": "redis01",
                            "os_profile.2161168098.custom_data": "",
                            "os_profile_linux_config.#": "1",
                            "os_profile_linux_config.69840937.disable_password_authentication": "true",
                            "os_profile_linux_config.69840937.ssh_keys.#": "1",
                            "os_profile_linux_config.69840937.ssh_keys.0.key_data": "ssh-rsa AAAAB3NzaC1yc2EAAAADAQABAAABAQDB4nVp5hxEb9a9ie7BIC3SRB2yInqURv4koBWZYR8iIEHtAPrZSr+Px+bc6jgolt+byzQ0LbtZcVnQcrxaYtNG/UZ1wGMy/gC1LA3vbfqQgRtvaCdWdJrtwth8eIVLen4plV/XwK2MXk5DNg501zLjQt1E4POCTZdUXM2VISxyXDyruw77JyqYDOnMvKb6x6Jkio8ZnAOOtArUO+fhe7F/rftkgt8kya48e/gv0N1pBzrnbWPmt1eC8KVqNORzaclgWqrWX7aFYMfJdWY6EIkOneKlRHrBcZSI5qi/WNXYlKznLcKgiLkdWgYY2bnuEqgNLjp2+KSK0oEnILrKRFF5 graham@allthingscloud.eu",
                            "os_profile_linux_config.69840937.ssh_keys.0.path": "/home/azureuser/.ssh/authorized_keys",
                            "os_profile_secrets.#": "0",
                            "os_profile_windows_config.#": "0",
                            "plan.#": "0",
                            "resource_group_name": "graham-dev",
                            "storage_data_disk.#": "0",
                            "storage_image_reference.#": "1",
                            "storage_image_reference.2419776712.id": "/subscriptions/c0a607b2-6372-4ef3-abdb-dbe52a7b56ba/resourceGroups/graham-dev/providers/Microsoft.Compute/images/webPageCounter",
                            "storage_image_reference.2419776712.offer": "",
                            "storage_image_reference.2419776712.publisher": "",
                            "storage_image_reference.2419776712.sku": "",
                            "storage_image_reference.2419776712.version": "",
                            "storage_os_disk.#": "1",
                            "storage_os_disk.0.caching": "ReadWrite",
                            "storage_os_disk.0.create_option": "FromImage",
                            "storage_os_disk.0.disk_size_gb": "30",
                            "storage_os_disk.0.image_uri": "",
                            "storage_os_disk.0.managed_disk_id": "/subscriptions/c0a607b2-6372-4ef3-abdb-dbe52a7b56ba/resourceGroups/graham-dev/providers/Microsoft.Compute/disks/redisOsDisk",
                            "storage_os_disk.0.managed_disk_type": "Standard_LRS",
                            "storage_os_disk.0.name": "redisOsDisk",
                            "storage_os_disk.0.os_type": "Linux",
                            "storage_os_disk.0.vhd_uri": "",
                            "storage_os_disk.0.write_accelerator_enabled": "false",
                            "tags.%": "1",
                            "tags.environment": "Web Page Counter",
                            "vm_size": "Standard_DS2_v2",
                            "zones.#": "0"
                        },
                        "meta": {},
                        "tainted": false
                    },
                    "deposed": [],
                    "provider": "provider.azurerm"
                },
                "azurerm_virtual_machine.webvm": {
                    "type": "azurerm_virtual_machine",
                    "depends_on": [
                        "azurerm_network_interface.wpcproxynic",
                        "azurerm_storage_account.mystorageaccount",
                        "azurerm_virtual_machine.godev01vm",
                        "azurerm_virtual_machine.godev02vm",
                        "data.template_cloudinit_config.webcloudconfig"
                    ],
                    "primary": {
                        "id": "/subscriptions/c0a607b2-6372-4ef3-abdb-dbe52a7b56ba/resourceGroups/graham-dev/providers/Microsoft.Compute/virtualMachines/web01",
                        "attributes": {
                            "boot_diagnostics.#": "1",
                            "boot_diagnostics.0.enabled": "true",
                            "boot_diagnostics.0.storage_uri": "https://diag31cae24df72f2dde.blob.core.windows.net/",
                            "delete_data_disks_on_termination": "true",
                            "delete_os_disk_on_termination": "true",
                            "id": "/subscriptions/c0a607b2-6372-4ef3-abdb-dbe52a7b56ba/resourceGroups/graham-dev/providers/Microsoft.Compute/virtualMachines/web01",
                            "identity.#": "0",
                            "location": "westeurope",
                            "name": "web01",
                            "network_interface_ids.#": "1",
                            "network_interface_ids.0": "/subscriptions/c0a607b2-6372-4ef3-abdb-dbe52a7b56ba/resourceGroups/graham-dev/providers/Microsoft.Network/networkInterfaces/wpcproxyNIC",
                            "os_profile.#": "1",
                            "os_profile.2877780461.admin_password": "",
                            "os_profile.2877780461.admin_username": "azureuser",
                            "os_profile.2877780461.computer_name": "web01",
                            "os_profile.2877780461.custom_data": "",
                            "os_profile_linux_config.#": "1",
                            "os_profile_linux_config.69840937.disable_password_authentication": "true",
                            "os_profile_linux_config.69840937.ssh_keys.#": "1",
                            "os_profile_linux_config.69840937.ssh_keys.0.key_data": "ssh-rsa AAAAB3NzaC1yc2EAAAADAQABAAABAQDB4nVp5hxEb9a9ie7BIC3SRB2yInqURv4koBWZYR8iIEHtAPrZSr+Px+bc6jgolt+byzQ0LbtZcVnQcrxaYtNG/UZ1wGMy/gC1LA3vbfqQgRtvaCdWdJrtwth8eIVLen4plV/XwK2MXk5DNg501zLjQt1E4POCTZdUXM2VISxyXDyruw77JyqYDOnMvKb6x6Jkio8ZnAOOtArUO+fhe7F/rftkgt8kya48e/gv0N1pBzrnbWPmt1eC8KVqNORzaclgWqrWX7aFYMfJdWY6EIkOneKlRHrBcZSI5qi/WNXYlKznLcKgiLkdWgYY2bnuEqgNLjp2+KSK0oEnILrKRFF5 graham@allthingscloud.eu",
                            "os_profile_linux_config.69840937.ssh_keys.0.path": "/home/azureuser/.ssh/authorized_keys",
                            "os_profile_secrets.#": "0",
                            "os_profile_windows_config.#": "0",
                            "plan.#": "0",
                            "resource_group_name": "graham-dev",
                            "storage_data_disk.#": "0",
                            "storage_image_reference.#": "1",
                            "storage_image_reference.2419776712.id": "/subscriptions/c0a607b2-6372-4ef3-abdb-dbe52a7b56ba/resourceGroups/graham-dev/providers/Microsoft.Compute/images/webPageCounter",
                            "storage_image_reference.2419776712.offer": "",
                            "storage_image_reference.2419776712.publisher": "",
                            "storage_image_reference.2419776712.sku": "",
                            "storage_image_reference.2419776712.version": "",
                            "storage_os_disk.#": "1",
                            "storage_os_disk.0.caching": "ReadWrite",
                            "storage_os_disk.0.create_option": "FromImage",
                            "storage_os_disk.0.disk_size_gb": "30",
                            "storage_os_disk.0.image_uri": "",
                            "storage_os_disk.0.managed_disk_id": "/subscriptions/c0a607b2-6372-4ef3-abdb-dbe52a7b56ba/resourceGroups/graham-dev/providers/Microsoft.Compute/disks/webOsDisk",
                            "storage_os_disk.0.managed_disk_type": "Standard_LRS",
                            "storage_os_disk.0.name": "webOsDisk",
                            "storage_os_disk.0.os_type": "Linux",
                            "storage_os_disk.0.vhd_uri": "",
                            "storage_os_disk.0.write_accelerator_enabled": "false",
                            "tags.%": "1",
                            "tags.environment": "Web Page Counter",
                            "vm_size": "Standard_DS2_v2",
                            "zones.#": "0"
                        },
                        "meta": {},
                        "tainted": false
                    },
                    "deposed": [],
                    "provider": "provider.azurerm"
                },
                "azurerm_virtual_network.webpagecounternetwork": {
                    "type": "azurerm_virtual_network",
                    "depends_on": [],
                    "primary": {
                        "id": "/subscriptions/c0a607b2-6372-4ef3-abdb-dbe52a7b56ba/resourceGroups/graham-dev/providers/Microsoft.Network/virtualNetworks/wpcVnet",
                        "attributes": {
                            "address_space.#": "1",
                            "address_space.0": "192.168.0.0/16",
                            "ddos_protection_plan.#": "0",
                            "dns_servers.#": "0",
                            "id": "/subscriptions/c0a607b2-6372-4ef3-abdb-dbe52a7b56ba/resourceGroups/graham-dev/providers/Microsoft.Network/virtualNetworks/wpcVnet",
                            "location": "westeurope",
                            "name": "wpcVnet",
                            "resource_group_name": "graham-dev",
                            "subnet.#": "0",
                            "tags.%": "1",
                            "tags.environment": "Web Page Counter"
                        },
                        "meta": {},
                        "tainted": false
                    },
                    "deposed": [],
                    "provider": "provider.azurerm"
                },
                "data.template_cloudinit_config.godevcloudconfig": {
                    "type": "template_cloudinit_config",
                    "depends_on": [
                        "data.template_file.godevcloudconfig"
                    ],
                    "primary": {
                        "id": "3439883157",
                        "attributes": {
                            "base64_encode": "true",
                            "gzip": "true",
                            "id": "3439883157",
                            "part.#": "1",
                            "part.0.content": "#cloud-config\nruncmd:\n  - touch /tmp/startingcloudinit.txt\n  - sudo /usr/local/bootstrap/scripts/install_consul.sh\n  - sudo /usr/local/bootstrap/scripts/consul_enable_acls_1.4.sh\n  - sudo /usr/local/bootstrap/scripts/install_vault.sh\n  - sudo /usr/local/bootstrap/scripts/install_nomad.sh\n  - sudo /usr/local/bootstrap/scripts/install_go_app.sh\n  - touch /tmp/finishedcloudinit.txt",
                            "part.0.content_type": "",
                            "part.0.filename": "",
                            "part.0.merge_type": "",
                            "rendered": "H4sIAAAAAAAA/5SRT0sDMRDF74H9DqGes7EgCCse/NODhyqICp6WbJJuB7IzITOR9tuLlUrVS3sc+P3egzd3hBJRzMs2x05PNQlkV8ROsInhSg9UMbiyvZ4tH5aL26fXx/ub5/eZ+rrMWywMhJ2et+eNapQxh1CjfrKLQ17FYhboKQCOnb4cQA6AXbnEjdicHGCjljDFf/lnPlENxhOuYFSlop9Cp7Q2Wqj6tbYyZcviigCOOxYQpJWN7CCugbStXGwi75IdiISluGzZF8jCFpDFpdR7Qq6p5fWR3jffR3RDir3zift5e3G8v+/9cDXJ6RrS5MLp2ki9y3nvHUy4AgRex/Brwr/vNaZRnwEAAP//td7tTD0CAAA="
                        },
                        "meta": {},
                        "tainted": false
                    },
                    "deposed": [],
                    "provider": "provider.template"
                },
                "data.template_cloudinit_config.leadercloudconfig": {
                    "type": "template_cloudinit_config",
                    "depends_on": [
                        "data.template_file.leadercloudconfig"
                    ],
                    "primary": {
                        "id": "3665879578",
                        "attributes": {
                            "base64_encode": "true",
                            "gzip": "true",
                            "id": "3665879578",
                            "part.#": "1",
                            "part.0.content": "#cloud-config\nruncmd:\n  - touch /tmp/startingcloudinit.txt\n  - sudo /usr/local/bootstrap/scripts/install_consul.sh\n  - sudo /usr/local/bootstrap/scripts/consul_enable_acls_1.4.sh\n  - sudo /usr/local/bootstrap/scripts/install_vault.sh\n  - sudo /usr/local/bootstrap/scripts/install_nomad.sh\n  - sudo /usr/local/bootstrap/scripts/install_SecretID_Factory.sh\n  - touch /tmp/finishedcloudinit.txt\n  ",
                            "part.0.content_type": "",
                            "part.0.filename": "",
                            "part.0.merge_type": "",
                            "rendered": "H4sIAAAAAAAA/5SRT0sDMRDF74H9DqGes7EgCCse1FbooQr+A09LNknbgezMkplI++3FSmWpl/Y48Pu9B28eCCWimLfdEBvdlyQwuCy2h20MN7qjgsHl3e1kuVjO75/fn2Z3L58T9XOZj5gZCBs9rS8rVSljxlCl/rKzQ17FbOboKQCuG33dgYyAfbnErdghOcBKLaGP//IvfKISjCdcwVrlgr4PjdLaaKHiN9pKP1gWlwVwvWcBQWrZyh7iEkjbwtkm8i7ZjkhYshss+wyDsAVkcSm1npBLqnlzovfLtxFdl2LrfOJ2Wl+d7h96v1xJcr6G1LtwvvYafY6ymLWPzgvl3SFhNOYKEHgTw/GYx782plLfAQAA//+1EOe8SgIAAA=="
                        },
                        "meta": {},
                        "tainted": false
                    },
                    "deposed": [],
                    "provider": "provider.template"
                },
                "data.template_cloudinit_config.rediscloudconfig": {
                    "type": "template_cloudinit_config",
                    "depends_on": [
                        "data.template_file.rediscloudconfig"
                    ],
                    "primary": {
                        "id": "2119887266",
                        "attributes": {
                            "base64_encode": "true",
                            "gzip": "true",
                            "id": "2119887266",
                            "part.#": "1",
                            "part.0.content": "#cloud-config\nruncmd:\n  - touch /tmp/startingcloudinit.txt\n  - sudo /usr/local/bootstrap/scripts/install_consul.sh\n  - sudo /usr/local/bootstrap/scripts/consul_enable_acls_1.4.sh\n  - sudo /usr/local/bootstrap/scripts/install_vault.sh\n  - sudo /usr/local/bootstrap/scripts/install_redis.sh\n  - touch /tmp/finishedcloudinit.txt",
                            "part.0.content_type": "",
                            "part.0.filename": "",
                            "part.0.merge_type": "",
                            "rendered": "H4sIAAAAAAAA/5SRT0szMRDG74H9DqHvOZu3IAgrHvzTg4cqiAqelmyStgPZmZCZSPvtxZXKqpd6HPj9ngeeuSGUiGKeDjl2eqxJILsidoR9DBd6oIrBlcPlYn23Xl0/PN/fXj2+LtTHZV5iYSDs9LL936hGGTOHGvWVXRzyJhazQk8BcNvp8wFkBkzlEvdic3KAjVrDGH/l//OJajCecANbVSr6MXRKa6OFqt9pK2O2LK4I4HZiAUFa2csEcQ2kbeViE3mX7EAkLMVly75AFraALC6l3hNyTS3vTvQ++T6iG1LsnU/cL9uz0/1j75urSf6ulRiAj9psig0g8C6Gb1P8fJMxjXoPAAD//xVTNn0FAgAA"
                        },
                        "meta": {},
                        "tainted": false
                    },
                    "deposed": [],
                    "provider": "provider.template"
                },
                "data.template_cloudinit_config.webcloudconfig": {
                    "type": "template_cloudinit_config",
                    "depends_on": [
                        "data.template_file.webcloudconfig"
                    ],
                    "primary": {
                        "id": "297570224",
                        "attributes": {
                            "base64_encode": "true",
                            "gzip": "true",
                            "id": "297570224",
                            "part.#": "1",
                            "part.0.content": "#cloud-config\nruncmd:\n  - touch /tmp/startingcloudinit.txt\n  - sudo /usr/local/bootstrap/scripts/install_consul.sh\n  - sudo /usr/local/bootstrap/scripts/consul_enable_acls_1.4.sh\n  - sudo /usr/local/bootstrap/scripts/install_vault.sh\n  - sudo /usr/local/bootstrap/scripts/install_webserver.sh\n  - touch /tmp/finishedcloudinit.txt",
                            "part.0.content_type": "",
                            "part.0.filename": "",
                            "part.0.merge_type": "",
                            "rendered": "H4sIAAAAAAAA/5SRT0szMRDG74H9DqHvOZu3IAgrHvzTg4cqiAqelmwybQeyk5CZ1Pbbi5XKqpd6HPj9ngeeuUkkQGKe9hk6PdYomF0RO+IOwoUeUqXgyv5ytrxbLq4fnu9vrx5fZ+rjMi9QGBN1et7+b1SjjJlCjfrKLo54BcUsyKeAtO70+YAyAQ7lAjuxOTqkRi1xhF/5/3xMNRifaIVrVSr5MXRKa6MlVb/RVsZsWVwRpPWBRUJpZScHiGtI2lYuNibvoh1SEpbismVfMAtbJBYXY+8TcY0tb070PvkeyA0Reucj9/P27HT/2Lt1NcrftTcYGMoWylGdzLFCQt5A+DbHz1cZ06j3AAAA///ZQROTCQIAAA=="
                        },
                        "meta": {},
                        "tainted": false
                    },
                    "deposed": [],
                    "provider": "provider.template"
                },
                "data.template_file.godevcloudconfig": {
                    "type": "template_file",
                    "depends_on": [],
                    "primary": {
                        "id": "16d625b0da8229f3e2add88b20ce5a13f3013444076f03ee6a95be067aa13bdf",
                        "attributes": {
                            "id": "16d625b0da8229f3e2add88b20ce5a13f3013444076f03ee6a95be067aa13bdf",
                            "rendered": "#cloud-config\nruncmd:\n  - touch /tmp/startingcloudinit.txt\n  - sudo /usr/local/bootstrap/scripts/install_consul.sh\n  - sudo /usr/local/bootstrap/scripts/consul_enable_acls_1.4.sh\n  - sudo /usr/local/bootstrap/scripts/install_vault.sh\n  - sudo /usr/local/bootstrap/scripts/install_nomad.sh\n  - sudo /usr/local/bootstrap/scripts/install_go_app.sh\n  - touch /tmp/finishedcloudinit.txt",
                            "template": "#cloud-config\nruncmd:\n  - touch /tmp/startingcloudinit.txt\n  - sudo /usr/local/bootstrap/scripts/install_consul.sh\n  - sudo /usr/local/bootstrap/scripts/consul_enable_acls_1.4.sh\n  - sudo /usr/local/bootstrap/scripts/install_vault.sh\n  - sudo /usr/local/bootstrap/scripts/install_nomad.sh\n  - sudo /usr/local/bootstrap/scripts/install_go_app.sh\n  - touch /tmp/finishedcloudinit.txt"
                        },
                        "meta": {},
                        "tainted": false
                    },
                    "deposed": [],
                    "provider": "provider.template"
                },
                "data.template_file.leadercloudconfig": {
                    "type": "template_file",
                    "depends_on": [],
                    "primary": {
                        "id": "226473bc34ea78d5c99ee402e5db9a67c325a1281ccbf7f86860451b4d5bc1f0",
                        "attributes": {
                            "id": "226473bc34ea78d5c99ee402e5db9a67c325a1281ccbf7f86860451b4d5bc1f0",
                            "rendered": "#cloud-config\nruncmd:\n  - touch /tmp/startingcloudinit.txt\n  - sudo /usr/local/bootstrap/scripts/install_consul.sh\n  - sudo /usr/local/bootstrap/scripts/consul_enable_acls_1.4.sh\n  - sudo /usr/local/bootstrap/scripts/install_vault.sh\n  - sudo /usr/local/bootstrap/scripts/install_nomad.sh\n  - sudo /usr/local/bootstrap/scripts/install_SecretID_Factory.sh\n  - touch /tmp/finishedcloudinit.txt\n  ",
                            "template": "#cloud-config\nruncmd:\n  - touch /tmp/startingcloudinit.txt\n  - sudo /usr/local/bootstrap/scripts/install_consul.sh\n  - sudo /usr/local/bootstrap/scripts/consul_enable_acls_1.4.sh\n  - sudo /usr/local/bootstrap/scripts/install_vault.sh\n  - sudo /usr/local/bootstrap/scripts/install_nomad.sh\n  - sudo /usr/local/bootstrap/scripts/install_SecretID_Factory.sh\n  - touch /tmp/finishedcloudinit.txt\n  "
                        },
                        "meta": {},
                        "tainted": false
                    },
                    "deposed": [],
                    "provider": "provider.template"
                },
                "data.template_file.rediscloudconfig": {
                    "type": "template_file",
                    "depends_on": [],
                    "primary": {
                        "id": "bf481d6969281ff8244a8a50cf477b19e285d2c9df24bdcf4c6998b78a9fda04",
                        "attributes": {
                            "id": "bf481d6969281ff8244a8a50cf477b19e285d2c9df24bdcf4c6998b78a9fda04",
                            "rendered": "#cloud-config\nruncmd:\n  - touch /tmp/startingcloudinit.txt\n  - sudo /usr/local/bootstrap/scripts/install_consul.sh\n  - sudo /usr/local/bootstrap/scripts/consul_enable_acls_1.4.sh\n  - sudo /usr/local/bootstrap/scripts/install_vault.sh\n  - sudo /usr/local/bootstrap/scripts/install_redis.sh\n  - touch /tmp/finishedcloudinit.txt",
                            "template": "#cloud-config\nruncmd:\n  - touch /tmp/startingcloudinit.txt\n  - sudo /usr/local/bootstrap/scripts/install_consul.sh\n  - sudo /usr/local/bootstrap/scripts/consul_enable_acls_1.4.sh\n  - sudo /usr/local/bootstrap/scripts/install_vault.sh\n  - sudo /usr/local/bootstrap/scripts/install_redis.sh\n  - touch /tmp/finishedcloudinit.txt"
                        },
                        "meta": {},
                        "tainted": false
                    },
                    "deposed": [],
                    "provider": "provider.template"
                },
                "data.template_file.webcloudconfig": {
                    "type": "template_file",
                    "depends_on": [],
                    "primary": {
                        "id": "ad52dd1887da04c52684dff634c2250112ded366337d887ebaf0bee9a928f1fc",
                        "attributes": {
                            "id": "ad52dd1887da04c52684dff634c2250112ded366337d887ebaf0bee9a928f1fc",
                            "rendered": "#cloud-config\nruncmd:\n  - touch /tmp/startingcloudinit.txt\n  - sudo /usr/local/bootstrap/scripts/install_consul.sh\n  - sudo /usr/local/bootstrap/scripts/consul_enable_acls_1.4.sh\n  - sudo /usr/local/bootstrap/scripts/install_vault.sh\n  - sudo /usr/local/bootstrap/scripts/install_webserver.sh\n  - touch /tmp/finishedcloudinit.txt",
                            "template": "#cloud-config\nruncmd:\n  - touch /tmp/startingcloudinit.txt\n  - sudo /usr/local/bootstrap/scripts/install_consul.sh\n  - sudo /usr/local/bootstrap/scripts/consul_enable_acls_1.4.sh\n  - sudo /usr/local/bootstrap/scripts/install_vault.sh\n  - sudo /usr/local/bootstrap/scripts/install_webserver.sh\n  - touch /tmp/finishedcloudinit.txt"
                        },
                        "meta": {},
                        "tainted": false
                    },
                    "deposed": [],
                    "provider": "provider.template"
                },
                "random_id.randomId": {
                    "type": "random_id",
                    "depends_on": [],
                    "primary": {
                        "id": "McriTfcvLd4",
                        "attributes": {
                            "b64": "McriTfcvLd4",
                            "b64_std": "McriTfcvLd4=",
                            "b64_url": "McriTfcvLd4",
                            "byte_length": "8",
                            "dec": "3587928877641444830",
                            "hex": "31cae24df72f2dde",
                            "id": "McriTfcvLd4",
                            "keepers.%": "1",
                            "keepers.resource_group": "graham-dev"
                        },
                        "meta": {},
                        "tainted": false
                    },
                    "deposed": [],
                    "provider": "provider.random"
                }
            },
            "depends_on": []
        }
    ]
}
