{
    "version": 3,
    "terraform_version": "0.11.10",
    "serial": 15,
    "lineage": "6d43cf9d-ba72-b71b-4e50-2f1a008c3820",
    "modules": [
        {
            "path": [
                "root"
            ],
            "outputs": {},
            "resources": {
                "azurerm_network_interface.wpcnic": {
                    "type": "azurerm_network_interface",
                    "depends_on": [
                        "azurerm_network_security_group.wpcnsg",
                        "azurerm_public_ip.myterraformpublicip",
                        "azurerm_resource_group.webpagecounter",
                        "azurerm_subnet.webpagecountersubnet"
                    ],
                    "primary": {
                        "id": "/subscriptions/c0a607b2-6372-4ef3-abdb-dbe52a7b56ba/resourceGroups/graham-dev/providers/Microsoft.Network/networkInterfaces/wpcNIC",
                        "attributes": {
                            "applied_dns_servers.#": "0",
                            "dns_servers.#": "0",
                            "enable_accelerated_networking": "false",
                            "enable_ip_forwarding": "false",
                            "id": "/subscriptions/c0a607b2-6372-4ef3-abdb-dbe52a7b56ba/resourceGroups/graham-dev/providers/Microsoft.Network/networkInterfaces/wpcNIC",
                            "internal_dns_name_label": "",
                            "internal_fqdn": "",
                            "ip_configuration.#": "1",
                            "ip_configuration.0.application_gateway_backend_address_pools_ids.#": "0",
                            "ip_configuration.0.application_security_group_ids.#": "0",
                            "ip_configuration.0.load_balancer_backend_address_pools_ids.#": "0",
                            "ip_configuration.0.load_balancer_inbound_nat_rules_ids.#": "0",
                            "ip_configuration.0.name": "wpcNicConfiguration",
                            "ip_configuration.0.primary": "true",
                            "ip_configuration.0.private_ip_address": "192.168.2.11",
                            "ip_configuration.0.private_ip_address_allocation": "static",
                            "ip_configuration.0.private_ip_address_version": "IPv4",
                            "ip_configuration.0.public_ip_address_id": "/subscriptions/c0a607b2-6372-4ef3-abdb-dbe52a7b56ba/resourceGroups/graham-dev/providers/Microsoft.Network/publicIPAddresses/wpcPublicIP",
                            "ip_configuration.0.subnet_id": "/subscriptions/c0a607b2-6372-4ef3-abdb-dbe52a7b56ba/resourceGroups/graham-dev/providers/Microsoft.Network/virtualNetworks/wpcVnet/subnets/wpcSubnet",
                            "location": "westeurope",
                            "mac_address": "00-0D-3A-21-9F-55",
                            "name": "wpcNIC",
                            "network_security_group_id": "/subscriptions/c0a607b2-6372-4ef3-abdb-dbe52a7b56ba/resourceGroups/graham-dev/providers/Microsoft.Network/networkSecurityGroups/wpcNetworkSecurityGroup",
                            "private_ip_address": "192.168.2.11",
                            "private_ip_addresses.#": "1",
                            "private_ip_addresses.0": "192.168.2.11",
                            "resource_group_name": "graham-dev",
                            "tags.%": "1",
                            "tags.environment": "Web Page Counter",
                            "virtual_machine_id": "/subscriptions/c0a607b2-6372-4ef3-abdb-dbe52a7b56ba/resourceGroups/graham-dev/providers/Microsoft.Compute/virtualMachines/leader01"
                        },
                        "meta": {},
                        "tainted": false
                    },
                    "deposed": [],
                    "provider": "provider.azurerm"
                },
                "azurerm_network_security_group.wpcnsg": {
                    "type": "azurerm_network_security_group",
                    "depends_on": [
                        "azurerm_resource_group.webpagecounter"
                    ],
                    "primary": {
                        "id": "/subscriptions/c0a607b2-6372-4ef3-abdb-dbe52a7b56ba/resourceGroups/graham-dev/providers/Microsoft.Network/networkSecurityGroups/wpcNetworkSecurityGroup",
                        "attributes": {
                            "id": "/subscriptions/c0a607b2-6372-4ef3-abdb-dbe52a7b56ba/resourceGroups/graham-dev/providers/Microsoft.Network/networkSecurityGroups/wpcNetworkSecurityGroup",
                            "location": "westeurope",
                            "name": "wpcNetworkSecurityGroup",
                            "resource_group_name": "graham-dev",
                            "security_rule.#": "1",
                            "security_rule.2090309246.access": "Allow",
                            "security_rule.2090309246.description": "",
                            "security_rule.2090309246.destination_address_prefix": "*",
                            "security_rule.2090309246.destination_address_prefixes.#": "0",
                            "security_rule.2090309246.destination_application_security_group_ids.#": "0",
                            "security_rule.2090309246.destination_port_range": "22",
                            "security_rule.2090309246.destination_port_ranges.#": "0",
                            "security_rule.2090309246.direction": "Inbound",
                            "security_rule.2090309246.name": "SSH",
                            "security_rule.2090309246.priority": "1001",
                            "security_rule.2090309246.protocol": "Tcp",
                            "security_rule.2090309246.source_address_prefix": "*",
                            "security_rule.2090309246.source_address_prefixes.#": "0",
                            "security_rule.2090309246.source_application_security_group_ids.#": "0",
                            "security_rule.2090309246.source_port_range": "*",
                            "security_rule.2090309246.source_port_ranges.#": "0",
                            "tags.%": "1",
                            "tags.environment": "Web Page Counter"
                        },
                        "meta": {},
                        "tainted": false
                    },
                    "deposed": [],
                    "provider": "provider.azurerm"
                },
                "azurerm_public_ip.myterraformpublicip": {
                    "type": "azurerm_public_ip",
                    "depends_on": [
                        "azurerm_resource_group.webpagecounter"
                    ],
                    "primary": {
                        "id": "/subscriptions/c0a607b2-6372-4ef3-abdb-dbe52a7b56ba/resourceGroups/graham-dev/providers/Microsoft.Network/publicIPAddresses/wpcPublicIP",
                        "attributes": {
                            "allocation_method": "Dynamic",
                            "id": "/subscriptions/c0a607b2-6372-4ef3-abdb-dbe52a7b56ba/resourceGroups/graham-dev/providers/Microsoft.Network/publicIPAddresses/wpcPublicIP",
                            "idle_timeout_in_minutes": "4",
                            "ip_address": "",
                            "ip_version": "IPv4",
                            "location": "westeurope",
                            "name": "wpcPublicIP",
                            "public_ip_address_allocation": "Dynamic",
                            "resource_group_name": "graham-dev",
                            "sku": "Basic",
                            "tags.%": "1",
                            "tags.environment": "Web Page Counter",
                            "zones.#": "0"
                        },
                        "meta": {},
                        "tainted": false
                    },
                    "deposed": [],
                    "provider": "provider.azurerm"
                },
                "azurerm_resource_group.webpagecounter": {
                    "type": "azurerm_resource_group",
                    "depends_on": [],
                    "primary": {
                        "id": "/subscriptions/c0a607b2-6372-4ef3-abdb-dbe52a7b56ba/resourceGroups/graham-dev",
                        "attributes": {
                            "id": "/subscriptions/c0a607b2-6372-4ef3-abdb-dbe52a7b56ba/resourceGroups/graham-dev",
                            "location": "westeurope",
                            "name": "graham-dev",
                            "tags.%": "1",
                            "tags.environment": "Web Page Counter"
                        },
                        "meta": {},
                        "tainted": false
                    },
                    "deposed": [],
                    "provider": "provider.azurerm"
                },
                "azurerm_storage_account.mystorageaccount": {
                    "type": "azurerm_storage_account",
                    "depends_on": [
                        "azurerm_resource_group.webpagecounter",
                        "random_id.randomId"
                    ],
                    "primary": {
                        "id": "/subscriptions/c0a607b2-6372-4ef3-abdb-dbe52a7b56ba/resourceGroups/graham-dev/providers/Microsoft.Storage/storageAccounts/diag74a9c3114a8dc7a5",
                        "attributes": {
                            "access_tier": "",
                            "account_encryption_source": "Microsoft.Storage",
                            "account_kind": "Storage",
                            "account_replication_type": "LRS",
                            "account_tier": "Standard",
                            "account_type": "Standard_LRS",
                            "enable_blob_encryption": "true",
                            "enable_file_encryption": "true",
                            "enable_https_traffic_only": "false",
                            "id": "/subscriptions/c0a607b2-6372-4ef3-abdb-dbe52a7b56ba/resourceGroups/graham-dev/providers/Microsoft.Storage/storageAccounts/diag74a9c3114a8dc7a5",
                            "identity.#": "0",
                            "location": "westeurope",
                            "name": "diag74a9c3114a8dc7a5",
                            "network_rules.#": "0",
                            "primary_access_key": "7zBKrRtjd6nnX+DYytkrcsbG7IaIke4P53JqHqTwL4UV1zzj36Guv9BcOkkGqgS9AxX+1Os3lZ2APgb6KE1pJA==",
                            "primary_blob_connection_string": "DefaultEndpointsProtocol=https;BlobEndpoint=https://diag74a9c3114a8dc7a5.blob.core.windows.net/;AccountName=diag74a9c3114a8dc7a5;AccountKey=7zBKrRtjd6nnX+DYytkrcsbG7IaIke4P53JqHqTwL4UV1zzj36Guv9BcOkkGqgS9AxX+1Os3lZ2APgb6KE1pJA==",
                            "primary_blob_endpoint": "https://diag74a9c3114a8dc7a5.blob.core.windows.net/",
                            "primary_connection_string": "DefaultEndpointsProtocol=https;AccountName=diag74a9c3114a8dc7a5;AccountKey=7zBKrRtjd6nnX+DYytkrcsbG7IaIke4P53JqHqTwL4UV1zzj36Guv9BcOkkGqgS9AxX+1Os3lZ2APgb6KE1pJA==;EndpointSuffix=core.windows.net",
                            "primary_file_endpoint": "https://diag74a9c3114a8dc7a5.file.core.windows.net/",
                            "primary_location": "westeurope",
                            "primary_queue_endpoint": "https://diag74a9c3114a8dc7a5.queue.core.windows.net/",
                            "primary_table_endpoint": "https://diag74a9c3114a8dc7a5.table.core.windows.net/",
                            "resource_group_name": "graham-dev",
                            "secondary_access_key": "v5fg3i3ONlXKRht9jGYzn1ZGb0aIH/hsMhxxU5P2gjEnYcOZ6bRX4C1lG4Rer+sy2fuDyt4mL8snmSBCeMFyWA==",
                            "secondary_connection_string": "DefaultEndpointsProtocol=https;AccountName=diag74a9c3114a8dc7a5;AccountKey=v5fg3i3ONlXKRht9jGYzn1ZGb0aIH/hsMhxxU5P2gjEnYcOZ6bRX4C1lG4Rer+sy2fuDyt4mL8snmSBCeMFyWA==;EndpointSuffix=core.windows.net",
                            "secondary_location": "",
                            "tags.%": "1",
                            "tags.environment": "Web Page Counter"
                        },
                        "meta": {
                            "schema_version": "2"
                        },
                        "tainted": false
                    },
                    "deposed": [],
                    "provider": "provider.azurerm"
                },
                "azurerm_subnet.webpagecountersubnet": {
                    "type": "azurerm_subnet",
                    "depends_on": [
                        "azurerm_resource_group.webpagecounter",
                        "azurerm_virtual_network.webpagecounternetwork"
                    ],
                    "primary": {
                        "id": "/subscriptions/c0a607b2-6372-4ef3-abdb-dbe52a7b56ba/resourceGroups/graham-dev/providers/Microsoft.Network/virtualNetworks/wpcVnet/subnets/wpcSubnet",
                        "attributes": {
                            "address_prefix": "192.168.2.0/24",
                            "delegation.#": "0",
                            "id": "/subscriptions/c0a607b2-6372-4ef3-abdb-dbe52a7b56ba/resourceGroups/graham-dev/providers/Microsoft.Network/virtualNetworks/wpcVnet/subnets/wpcSubnet",
                            "ip_configurations.#": "1",
                            "ip_configurations.3473273733": "/subscriptions/c0a607b2-6372-4ef3-abdb-dbe52a7b56ba/resourceGroups/graham-dev/providers/Microsoft.Network/networkInterfaces/wpcNIC/ipConfigurations/wpcNicConfiguration",
                            "name": "wpcSubnet",
                            "network_security_group_id": "",
                            "resource_group_name": "graham-dev",
                            "route_table_id": "",
                            "service_endpoints.#": "0",
                            "virtual_network_name": "wpcVnet"
                        },
                        "meta": {},
                        "tainted": false
                    },
                    "deposed": [],
                    "provider": "provider.azurerm"
                },
                "azurerm_virtual_machine.myterraformvm": {
                    "type": "azurerm_virtual_machine",
                    "depends_on": [
                        "azurerm_network_interface.wpcnic",
                        "azurerm_resource_group.webpagecounter",
                        "azurerm_storage_account.mystorageaccount",
                        "data.template_cloudinit_config.config"
                    ],
                    "primary": {
                        "id": "/subscriptions/c0a607b2-6372-4ef3-abdb-dbe52a7b56ba/resourceGroups/graham-dev/providers/Microsoft.Compute/virtualMachines/leader01",
                        "attributes": {
                            "boot_diagnostics.#": "1",
                            "boot_diagnostics.0.enabled": "true",
                            "boot_diagnostics.0.storage_uri": "https://diag74a9c3114a8dc7a5.blob.core.windows.net/",
                            "delete_data_disks_on_termination": "true",
                            "delete_os_disk_on_termination": "true",
                            "id": "/subscriptions/c0a607b2-6372-4ef3-abdb-dbe52a7b56ba/resourceGroups/graham-dev/providers/Microsoft.Compute/virtualMachines/leader01",
                            "identity.#": "0",
                            "location": "westeurope",
                            "name": "leader01",
                            "network_interface_ids.#": "1",
                            "network_interface_ids.0": "/subscriptions/c0a607b2-6372-4ef3-abdb-dbe52a7b56ba/resourceGroups/graham-dev/providers/Microsoft.Network/networkInterfaces/wpcNIC",
                            "os_profile.#": "1",
                            "os_profile.1794473990.admin_password": "",
                            "os_profile.1794473990.admin_username": "azureuser",
                            "os_profile.1794473990.computer_name": "leader01",
                            "os_profile.1794473990.custom_data": "",
                            "os_profile_linux_config.#": "1",
                            "os_profile_linux_config.69840937.disable_password_authentication": "true",
                            "os_profile_linux_config.69840937.ssh_keys.#": "1",
                            "os_profile_linux_config.69840937.ssh_keys.0.key_data": "ssh-rsa AAAAB3NzaC1yc2EAAAADAQABAAABAQDB4nVp5hxEb9a9ie7BIC3SRB2yInqURv4koBWZYR8iIEHtAPrZSr+Px+bc6jgolt+byzQ0LbtZcVnQcrxaYtNG/UZ1wGMy/gC1LA3vbfqQgRtvaCdWdJrtwth8eIVLen4plV/XwK2MXk5DNg501zLjQt1E4POCTZdUXM2VISxyXDyruw77JyqYDOnMvKb6x6Jkio8ZnAOOtArUO+fhe7F/rftkgt8kya48e/gv0N1pBzrnbWPmt1eC8KVqNORzaclgWqrWX7aFYMfJdWY6EIkOneKlRHrBcZSI5qi/WNXYlKznLcKgiLkdWgYY2bnuEqgNLjp2+KSK0oEnILrKRFF5 graham@allthingscloud.eu",
                            "os_profile_linux_config.69840937.ssh_keys.0.path": "/home/azureuser/.ssh/authorized_keys",
                            "os_profile_secrets.#": "0",
                            "os_profile_windows_config.#": "0",
                            "plan.#": "0",
                            "resource_group_name": "graham-dev",
                            "storage_data_disk.#": "0",
                            "storage_image_reference.#": "1",
                            "storage_image_reference.2419776712.id": "/subscriptions/c0a607b2-6372-4ef3-abdb-dbe52a7b56ba/resourceGroups/graham-dev/providers/Microsoft.Compute/images/webPageCounter",
                            "storage_image_reference.2419776712.offer": "",
                            "storage_image_reference.2419776712.publisher": "",
                            "storage_image_reference.2419776712.sku": "",
                            "storage_image_reference.2419776712.version": "",
                            "storage_os_disk.#": "1",
                            "storage_os_disk.0.caching": "ReadWrite",
                            "storage_os_disk.0.create_option": "FromImage",
                            "storage_os_disk.0.disk_size_gb": "30",
                            "storage_os_disk.0.image_uri": "",
                            "storage_os_disk.0.managed_disk_id": "/subscriptions/c0a607b2-6372-4ef3-abdb-dbe52a7b56ba/resourceGroups/graham-dev/providers/Microsoft.Compute/disks/leaderOsDisk",
                            "storage_os_disk.0.managed_disk_type": "Standard_LRS",
                            "storage_os_disk.0.name": "leaderOsDisk",
                            "storage_os_disk.0.os_type": "Linux",
                            "storage_os_disk.0.vhd_uri": "",
                            "storage_os_disk.0.write_accelerator_enabled": "false",
                            "tags.%": "1",
                            "tags.environment": "Web Page Counter",
                            "vm_size": "Standard_DS1_v2",
                            "zones.#": "0"
                        },
                        "meta": {},
                        "tainted": false
                    },
                    "deposed": [],
                    "provider": "provider.azurerm"
                },
                "azurerm_virtual_network.webpagecounternetwork": {
                    "type": "azurerm_virtual_network",
                    "depends_on": [
                        "azurerm_resource_group.webpagecounter"
                    ],
                    "primary": {
                        "id": "/subscriptions/c0a607b2-6372-4ef3-abdb-dbe52a7b56ba/resourceGroups/graham-dev/providers/Microsoft.Network/virtualNetworks/wpcVnet",
                        "attributes": {
                            "address_space.#": "1",
                            "address_space.0": "192.168.0.0/16",
                            "ddos_protection_plan.#": "0",
                            "dns_servers.#": "0",
                            "id": "/subscriptions/c0a607b2-6372-4ef3-abdb-dbe52a7b56ba/resourceGroups/graham-dev/providers/Microsoft.Network/virtualNetworks/wpcVnet",
                            "location": "westeurope",
                            "name": "wpcVnet",
                            "resource_group_name": "graham-dev",
                            "subnet.#": "1",
                            "subnet.1671482754.address_prefix": "192.168.2.0/24",
                            "subnet.1671482754.id": "/subscriptions/c0a607b2-6372-4ef3-abdb-dbe52a7b56ba/resourceGroups/graham-dev/providers/Microsoft.Network/virtualNetworks/wpcVnet/subnets/wpcSubnet",
                            "subnet.1671482754.name": "wpcSubnet",
                            "subnet.1671482754.security_group": "",
                            "tags.%": "1",
                            "tags.environment": "Web Page Counter"
                        },
                        "meta": {},
                        "tainted": false
                    },
                    "deposed": [],
                    "provider": "provider.azurerm"
                },
                "data.template_cloudinit_config.config": {
                    "type": "template_cloudinit_config",
                    "depends_on": [
                        "data.template_file.cloudconfig"
                    ],
                    "primary": {
                        "id": "641115939",
                        "attributes": {
                            "base64_encode": "true",
                            "gzip": "true",
                            "id": "641115939",
                            "part.#": "1",
                            "part.0.content": "#cloud-config\nusers:\n  - name: graham\n    groups: sudo\n    shell: /bin/bash\n    sudo: ['ALL=(ALL) NOPASSWD:ALL']\n    ssh-authorized-keys:\n      - sh-rsa AAAAB3NzaC1yc2EAAAADAQABAAABAQDB4nVp5hxEb9a9ie7BIC3SRB2yInqURv4koBWZYR8iIEHtAPrZSr+Px+bc6jgolt+byzQ0LbtZcVnQcrxaYtNG/UZ1wGMy/gC1LA3vbfqQgRtvaCdWdJrtwth8eIVLen4plV/XwK2MXk5DNg501zLjQt1E4POCTZdUXM2VISxyXDyruw77JyqYDOnMvKb6x6Jkio8ZnAOOtArUO+fhe7F/rftkgt8kya48e/gv0N1pBzrnbWPmt1eC8KVqNORzaclgWqrWX7aFYMfJdWY6EIkOneKlRHrBcZSI5qi/WNXYlKznLcKgiLkdWgYY2bnuEqgNLjp2+KSK0oEnILrKRFF5 graham@allthingscloud.eu\nruncmd:\n  - touch /tmp/startingcloudinit.txt\n  - sudo /usr/local/bootstrap/scripts/install_consul.sh\n  - sudo /usr/local/bootstrap/scripts/consul_enable_acls_1.4.sh\n  - sudo /usr/local/bootstrap/scripts/install_vault.sh\n  - sudo /usr/local/bootstrap/scripts/install_nomad.sh\n  - sudo /usr/local/bootstrap/scripts/install_SecretID_Factory.sh\n  - touch /tmp/finishedcloudinit.txt\n  ",
                            "part.0.content_type": "",
                            "part.0.filename": "",
                            "part.0.merge_type": "",
                            "rendered": "H4sIAAAAAAAA/5SUX4+iSBTF30n8DpXZh9mNQcTW1mEzyYLiDA2Cf0YRNxtTFCVUW1RhVWGLn36jvbPpzLxM83Zvfuec5HJSY84UZkr/1lTYAmVNFamgUEZJLjj7E6S8ZhkUzecPM2/mOtE6nNjL5IN2m/QNFpJwZgGz021pLU3X30It7X9vAZk8YKG7DPGMsNwCw5SoN8A9XOGLMioKCWtpM1Lin/x/Q5TXmY44O5BcqyUW0tIA0AGDJbZALmABSw0AAHLB60paQNYZvy9kgSm1gJESZqRQFq/LOuMW+PujHQSff7eD4A8QRnN7tYonlh0EH/95hWShw1oVXJArzvQjbu6ht08HstCFhMC2bdt5CK9wbDao597Gib2wndvaXkycPttUg+Lipp/gJ4KHjjd+WC2dXuOx03p57h+5E++S5Yh47ldlz8VuJdrzSztFj885p6qdNtdFN0jVDm3YAokLTFT4xVjvzJcvs8bIx2ZgP5zTw2mRL9UZjrM4exLqRRUj7G0CzPoV3RjbF7832x4HkzAfdM1r8LxQptufR+Nvu2y9nfU23urSbCeNqF+Gw6fmlEwiNjv76ePl8elI+GjH7ChStlhH7UOBh1NDHNQxV6NjA/sjbOTnbmhWzlWwNJ6XysTjkb85hdHyChHN45OIt0M4TWaHpyxOHl3vGDHs0+VX4aDdyhuciBGH24T6VxYgPyfBMYvzJOmlrHZPeRg8V722v/K73GVeIPzldDr473f/BSlVBWG5vJejg2tN1AyV2WszFK9RAQxVVoZUUCjC8jtHGFEddVF36NYDYNRSGJQjSI2UcyWVgJUhkSCVkgZhUkFK94gzWdPOvT+/onvl95jBlOI9RFTuzU7/1/Xfc8+wpur9MsZLmL1ftsJIYOVN9lOIFBfNd4c3xzwQRmSBsx+P+eMjoOst7d8AAAD//2ufiDRjBAAA"
                        },
                        "meta": {},
                        "tainted": false
                    },
                    "deposed": [],
                    "provider": "provider.template"
                },
                "data.template_file.cloudconfig": {
                    "type": "template_file",
                    "depends_on": [],
                    "primary": {
                        "id": "50306932564dc5b0ee20de61f31320a817e8b7416aa4d076a49c46d2e21586b2",
                        "attributes": {
                            "id": "50306932564dc5b0ee20de61f31320a817e8b7416aa4d076a49c46d2e21586b2",
                            "rendered": "#cloud-config\nusers:\n  - name: graham\n    groups: sudo\n    shell: /bin/bash\n    sudo: ['ALL=(ALL) NOPASSWD:ALL']\n    ssh-authorized-keys:\n      - sh-rsa AAAAB3NzaC1yc2EAAAADAQABAAABAQDB4nVp5hxEb9a9ie7BIC3SRB2yInqURv4koBWZYR8iIEHtAPrZSr+Px+bc6jgolt+byzQ0LbtZcVnQcrxaYtNG/UZ1wGMy/gC1LA3vbfqQgRtvaCdWdJrtwth8eIVLen4plV/XwK2MXk5DNg501zLjQt1E4POCTZdUXM2VISxyXDyruw77JyqYDOnMvKb6x6Jkio8ZnAOOtArUO+fhe7F/rftkgt8kya48e/gv0N1pBzrnbWPmt1eC8KVqNORzaclgWqrWX7aFYMfJdWY6EIkOneKlRHrBcZSI5qi/WNXYlKznLcKgiLkdWgYY2bnuEqgNLjp2+KSK0oEnILrKRFF5 graham@allthingscloud.eu\nruncmd:\n  - touch /tmp/startingcloudinit.txt\n  - sudo /usr/local/bootstrap/scripts/install_consul.sh\n  - sudo /usr/local/bootstrap/scripts/consul_enable_acls_1.4.sh\n  - sudo /usr/local/bootstrap/scripts/install_vault.sh\n  - sudo /usr/local/bootstrap/scripts/install_nomad.sh\n  - sudo /usr/local/bootstrap/scripts/install_SecretID_Factory.sh\n  - touch /tmp/finishedcloudinit.txt\n  ",
                            "template": "#cloud-config\nusers:\n  - name: graham\n    groups: sudo\n    shell: /bin/bash\n    sudo: ['ALL=(ALL) NOPASSWD:ALL']\n    ssh-authorized-keys:\n      - sh-rsa AAAAB3NzaC1yc2EAAAADAQABAAABAQDB4nVp5hxEb9a9ie7BIC3SRB2yInqURv4koBWZYR8iIEHtAPrZSr+Px+bc6jgolt+byzQ0LbtZcVnQcrxaYtNG/UZ1wGMy/gC1LA3vbfqQgRtvaCdWdJrtwth8eIVLen4plV/XwK2MXk5DNg501zLjQt1E4POCTZdUXM2VISxyXDyruw77JyqYDOnMvKb6x6Jkio8ZnAOOtArUO+fhe7F/rftkgt8kya48e/gv0N1pBzrnbWPmt1eC8KVqNORzaclgWqrWX7aFYMfJdWY6EIkOneKlRHrBcZSI5qi/WNXYlKznLcKgiLkdWgYY2bnuEqgNLjp2+KSK0oEnILrKRFF5 graham@allthingscloud.eu\nruncmd:\n  - touch /tmp/startingcloudinit.txt\n  - sudo /usr/local/bootstrap/scripts/install_consul.sh\n  - sudo /usr/local/bootstrap/scripts/consul_enable_acls_1.4.sh\n  - sudo /usr/local/bootstrap/scripts/install_vault.sh\n  - sudo /usr/local/bootstrap/scripts/install_nomad.sh\n  - sudo /usr/local/bootstrap/scripts/install_SecretID_Factory.sh\n  - touch /tmp/finishedcloudinit.txt\n  "
                        },
                        "meta": {},
                        "tainted": false
                    },
                    "deposed": [],
                    "provider": "provider.template"
                },
                "random_id.randomId": {
                    "type": "random_id",
                    "depends_on": [
                        "azurerm_resource_group.webpagecounter"
                    ],
                    "primary": {
                        "id": "dKnDEUqNx6U",
                        "attributes": {
                            "b64": "dKnDEUqNx6U",
                            "b64_std": "dKnDEUqNx6U=",
                            "b64_url": "dKnDEUqNx6U",
                            "byte_length": "8",
                            "dec": "8406464658496407461",
                            "hex": "74a9c3114a8dc7a5",
                            "id": "dKnDEUqNx6U",
                            "keepers.%": "1",
                            "keepers.resource_group": "graham-dev"
                        },
                        "meta": {},
                        "tainted": false
                    },
                    "deposed": [],
                    "provider": "provider.random"
                }
            },
            "depends_on": []
        }
    ]
}
